// !$*UTF8*$!
{
	archiveVersion = 1;
	classes = {
	};
	objectVersion = 46;
	objects = {

/* Begin PBXBuildFile section */
		654DA02E15937C9C00CBE844 /* UIKit.framework in Frameworks */ = {isa = PBXBuildFile; fileRef = 654DA02D15937C9C00CBE844 /* UIKit.framework */; };
		654DA03015937C9C00CBE844 /* Foundation.framework in Frameworks */ = {isa = PBXBuildFile; fileRef = 654DA02F15937C9C00CBE844 /* Foundation.framework */; };
		654DA03215937C9C00CBE844 /* CoreGraphics.framework in Frameworks */ = {isa = PBXBuildFile; fileRef = 654DA03115937C9C00CBE844 /* CoreGraphics.framework */; };
		654DA03415937C9C00CBE844 /* CoreData.framework in Frameworks */ = {isa = PBXBuildFile; fileRef = 654DA03315937C9C00CBE844 /* CoreData.framework */; };
		654DA03A15937C9C00CBE844 /* InfoPlist.strings in Resources */ = {isa = PBXBuildFile; fileRef = 654DA03815937C9C00CBE844 /* InfoPlist.strings */; };
		654DA03C15937C9C00CBE844 /* main.m in Sources */ = {isa = PBXBuildFile; fileRef = 654DA03B15937C9C00CBE844 /* main.m */; };
		654DA04015937C9C00CBE844 /* AppDelegate.m in Sources */ = {isa = PBXBuildFile; fileRef = 654DA03F15937C9C00CBE844 /* AppDelegate.m */; };
		654DA04315937C9C00CBE844 /* MainStoryboard_iPhone.storyboard in Resources */ = {isa = PBXBuildFile; fileRef = 654DA04115937C9C00CBE844 /* MainStoryboard_iPhone.storyboard */; };
		654DA04615937C9C00CBE844 /* MainStoryboard_iPad.storyboard in Resources */ = {isa = PBXBuildFile; fileRef = 654DA04415937C9C00CBE844 /* MainStoryboard_iPad.storyboard */; };
		654DA04C15937C9C00CBE844 /* MasterViewController.m in Sources */ = {isa = PBXBuildFile; fileRef = 654DA04B15937C9C00CBE844 /* MasterViewController.m */; };
		654DA04F15937C9C00CBE844 /* DetailViewController.m in Sources */ = {isa = PBXBuildFile; fileRef = 654DA04E15937C9C00CBE844 /* DetailViewController.m */; };
		654DA05715937C9C00CBE844 /* SenTestingKit.framework in Frameworks */ = {isa = PBXBuildFile; fileRef = 654DA05615937C9C00CBE844 /* SenTestingKit.framework */; };
		654DA05815937C9C00CBE844 /* UIKit.framework in Frameworks */ = {isa = PBXBuildFile; fileRef = 654DA02D15937C9C00CBE844 /* UIKit.framework */; };
		654DA05915937C9C00CBE844 /* Foundation.framework in Frameworks */ = {isa = PBXBuildFile; fileRef = 654DA02F15937C9C00CBE844 /* Foundation.framework */; };
		654DA05A15937C9C00CBE844 /* CoreData.framework in Frameworks */ = {isa = PBXBuildFile; fileRef = 654DA03315937C9C00CBE844 /* CoreData.framework */; };
		654DA06215937C9C00CBE844 /* InfoPlist.strings in Resources */ = {isa = PBXBuildFile; fileRef = 654DA06015937C9C00CBE844 /* InfoPlist.strings */; };
		654DA06515937C9C00CBE844 /* GTaskMaster_iOSTests.m in Sources */ = {isa = PBXBuildFile; fileRef = 654DA06415937C9C00CBE844 /* GTaskMaster_iOSTests.m */; };
		655C373B159902AB0027403D /* libGTLTouchStaticLib.a in Frameworks */ = {isa = PBXBuildFile; fileRef = 655C373A159902AB0027403D /* libGTLTouchStaticLib.a */; };
		655C3759159903190027403D /* Security.framework in Frameworks */ = {isa = PBXBuildFile; fileRef = 655C3758159903190027403D /* Security.framework */; };
		655C375B1599031F0027403D /* SystemConfiguration.framework in Frameworks */ = {isa = PBXBuildFile; fileRef = 655C375A1599031F0027403D /* SystemConfiguration.framework */; };
		65D2CCDE159A18A800ECD844 /* GTaskMaster.xcdatamodeld in Sources */ = {isa = PBXBuildFile; fileRef = 65D2CCC7159A18A800ECD844 /* GTaskMaster.xcdatamodeld */; };
		65D2CCDF159A18A800ECD844 /* GTSyncManager.m in Sources */ = {isa = PBXBuildFile; fileRef = 65D2CCCA159A18A800ECD844 /* GTSyncManager.m */; };
		65D2CCE0159A18A800ECD844 /* LocalTaskManager.m in Sources */ = {isa = PBXBuildFile; fileRef = 65D2CCCC159A18A800ECD844 /* LocalTaskManager.m */; };
		65D2CCE1159A18A800ECD844 /* GTLQueryTasks.m in Sources */ = {isa = PBXBuildFile; fileRef = 65D2CCD0159A18A800ECD844 /* GTLQueryTasks.m */; };
		65D2CCE2159A18A800ECD844 /* GTLServiceTasks.m in Sources */ = {isa = PBXBuildFile; fileRef = 65D2CCD2159A18A800ECD844 /* GTLServiceTasks.m */; };
		65D2CCE3159A18A800ECD844 /* GTLTasksConstants.m in Sources */ = {isa = PBXBuildFile; fileRef = 65D2CCD5159A18A800ECD844 /* GTLTasksConstants.m */; };
		65D2CCE4159A18A800ECD844 /* GTLTasksTask.m in Sources */ = {isa = PBXBuildFile; fileRef = 65D2CCD7159A18A800ECD844 /* GTLTasksTask.m */; };
		65D2CCE5159A18A800ECD844 /* GTLTasksTaskList.m in Sources */ = {isa = PBXBuildFile; fileRef = 65D2CCD9159A18A800ECD844 /* GTLTasksTaskList.m */; };
		65D2CCE6159A18A800ECD844 /* GTLTasksTaskLists.m in Sources */ = {isa = PBXBuildFile; fileRef = 65D2CCDB159A18A800ECD844 /* GTLTasksTaskLists.m */; };
		65D2CCE7159A18A800ECD844 /* GTLTasksTasks.m in Sources */ = {isa = PBXBuildFile; fileRef = 65D2CCDD159A18A800ECD844 /* GTLTasksTasks.m */; };
/* End PBXBuildFile section */

/* Begin PBXContainerItemProxy section */
		654DA05B15937C9C00CBE844 /* PBXContainerItemProxy */ = {
			isa = PBXContainerItemProxy;
			containerPortal = 654DA02015937C9B00CBE844 /* Project object */;
			proxyType = 1;
			remoteGlobalIDString = 654DA02815937C9C00CBE844;
			remoteInfo = GTaskMaster_iOS;
		};
/* End PBXContainerItemProxy section */

/* Begin PBXFileReference section */
		654DA02915937C9C00CBE844 /* GTaskMaster_iOS.app */ = {isa = PBXFileReference; explicitFileType = wrapper.application; includeInIndex = 0; path = GTaskMaster_iOS.app; sourceTree = BUILT_PRODUCTS_DIR; };
		654DA02D15937C9C00CBE844 /* UIKit.framework */ = {isa = PBXFileReference; lastKnownFileType = wrapper.framework; name = UIKit.framework; path = System/Library/Frameworks/UIKit.framework; sourceTree = SDKROOT; };
		654DA02F15937C9C00CBE844 /* Foundation.framework */ = {isa = PBXFileReference; lastKnownFileType = wrapper.framework; name = Foundation.framework; path = System/Library/Frameworks/Foundation.framework; sourceTree = SDKROOT; };
		654DA03115937C9C00CBE844 /* CoreGraphics.framework */ = {isa = PBXFileReference; lastKnownFileType = wrapper.framework; name = CoreGraphics.framework; path = System/Library/Frameworks/CoreGraphics.framework; sourceTree = SDKROOT; };
		654DA03315937C9C00CBE844 /* CoreData.framework */ = {isa = PBXFileReference; lastKnownFileType = wrapper.framework; name = CoreData.framework; path = System/Library/Frameworks/CoreData.framework; sourceTree = SDKROOT; };
		654DA03715937C9C00CBE844 /* GTaskMaster_iOS-Info.plist */ = {isa = PBXFileReference; lastKnownFileType = text.plist.xml; path = "GTaskMaster_iOS-Info.plist"; sourceTree = "<group>"; };
		654DA03915937C9C00CBE844 /* en */ = {isa = PBXFileReference; lastKnownFileType = text.plist.strings; name = en; path = en.lproj/InfoPlist.strings; sourceTree = "<group>"; };
		654DA03B15937C9C00CBE844 /* main.m */ = {isa = PBXFileReference; lastKnownFileType = sourcecode.c.objc; path = main.m; sourceTree = "<group>"; };
		654DA03D15937C9C00CBE844 /* GTaskMaster_iOS-Prefix.pch */ = {isa = PBXFileReference; lastKnownFileType = sourcecode.c.h; path = "GTaskMaster_iOS-Prefix.pch"; sourceTree = "<group>"; };
		654DA03E15937C9C00CBE844 /* AppDelegate.h */ = {isa = PBXFileReference; lastKnownFileType = sourcecode.c.h; path = AppDelegate.h; sourceTree = "<group>"; };
		654DA03F15937C9C00CBE844 /* AppDelegate.m */ = {isa = PBXFileReference; lastKnownFileType = sourcecode.c.objc; path = AppDelegate.m; sourceTree = "<group>"; };
		654DA04215937C9C00CBE844 /* en */ = {isa = PBXFileReference; lastKnownFileType = file.storyboard; name = en; path = en.lproj/MainStoryboard_iPhone.storyboard; sourceTree = "<group>"; };
		654DA04515937C9C00CBE844 /* en */ = {isa = PBXFileReference; lastKnownFileType = file.storyboard; name = en; path = en.lproj/MainStoryboard_iPad.storyboard; sourceTree = "<group>"; };
		654DA04A15937C9C00CBE844 /* MasterViewController.h */ = {isa = PBXFileReference; lastKnownFileType = sourcecode.c.h; path = MasterViewController.h; sourceTree = "<group>"; };
		654DA04B15937C9C00CBE844 /* MasterViewController.m */ = {isa = PBXFileReference; lastKnownFileType = sourcecode.c.objc; path = MasterViewController.m; sourceTree = "<group>"; };
		654DA04D15937C9C00CBE844 /* DetailViewController.h */ = {isa = PBXFileReference; lastKnownFileType = sourcecode.c.h; path = DetailViewController.h; sourceTree = "<group>"; };
		654DA04E15937C9C00CBE844 /* DetailViewController.m */ = {isa = PBXFileReference; lastKnownFileType = sourcecode.c.objc; path = DetailViewController.m; sourceTree = "<group>"; };
		654DA05515937C9C00CBE844 /* GTaskMaster_iOSTests.octest */ = {isa = PBXFileReference; explicitFileType = wrapper.cfbundle; includeInIndex = 0; path = GTaskMaster_iOSTests.octest; sourceTree = BUILT_PRODUCTS_DIR; };
		654DA05615937C9C00CBE844 /* SenTestingKit.framework */ = {isa = PBXFileReference; lastKnownFileType = wrapper.framework; name = SenTestingKit.framework; path = Library/Frameworks/SenTestingKit.framework; sourceTree = DEVELOPER_DIR; };
		654DA05F15937C9C00CBE844 /* GTaskMaster_iOSTests-Info.plist */ = {isa = PBXFileReference; lastKnownFileType = text.plist.xml; path = "GTaskMaster_iOSTests-Info.plist"; sourceTree = "<group>"; };
		654DA06115937C9C00CBE844 /* en */ = {isa = PBXFileReference; lastKnownFileType = text.plist.strings; name = en; path = en.lproj/InfoPlist.strings; sourceTree = "<group>"; };
		654DA06315937C9C00CBE844 /* GTaskMaster_iOSTests.h */ = {isa = PBXFileReference; lastKnownFileType = sourcecode.c.h; path = GTaskMaster_iOSTests.h; sourceTree = "<group>"; };
		654DA06415937C9C00CBE844 /* GTaskMaster_iOSTests.m */ = {isa = PBXFileReference; lastKnownFileType = sourcecode.c.objc; path = GTaskMaster_iOSTests.m; sourceTree = "<group>"; };
		655C373A159902AB0027403D /* libGTLTouchStaticLib.a */ = {isa = PBXFileReference; lastKnownFileType = archive.ar; name = libGTLTouchStaticLib.a; path = GTaskMaster_iOS/libGTLTouchStaticLib.a; sourceTree = "<group>"; };
		655C3758159903190027403D /* Security.framework */ = {isa = PBXFileReference; lastKnownFileType = wrapper.framework; name = Security.framework; path = System/Library/Frameworks/Security.framework; sourceTree = SDKROOT; };
		655C375A1599031F0027403D /* SystemConfiguration.framework */ = {isa = PBXFileReference; lastKnownFileType = wrapper.framework; name = SystemConfiguration.framework; path = System/Library/Frameworks/SystemConfiguration.framework; sourceTree = SDKROOT; };
		655C3761159903A60027403D /* GTLBase64.h */ = {isa = PBXFileReference; fileEncoding = 4; lastKnownFileType = sourcecode.c.h; path = GTLBase64.h; sourceTree = "<group>"; };
		655C3762159903A60027403D /* GTLBatchQuery.h */ = {isa = PBXFileReference; fileEncoding = 4; lastKnownFileType = sourcecode.c.h; path = GTLBatchQuery.h; sourceTree = "<group>"; };
		655C3763159903A60027403D /* GTLBatchResult.h */ = {isa = PBXFileReference; fileEncoding = 4; lastKnownFileType = sourcecode.c.h; path = GTLBatchResult.h; sourceTree = "<group>"; };
		655C3764159903A60027403D /* GTLDateTime.h */ = {isa = PBXFileReference; fileEncoding = 4; lastKnownFileType = sourcecode.c.h; path = GTLDateTime.h; sourceTree = "<group>"; };
		655C3765159903A60027403D /* GTLDefines.h */ = {isa = PBXFileReference; fileEncoding = 4; lastKnownFileType = sourcecode.c.h; path = GTLDefines.h; sourceTree = "<group>"; };
		655C3766159903A60027403D /* GTLErrorObject.h */ = {isa = PBXFileReference; fileEncoding = 4; lastKnownFileType = sourcecode.c.h; path = GTLErrorObject.h; sourceTree = "<group>"; };
		655C3767159903A60027403D /* GTLFramework.h */ = {isa = PBXFileReference; fileEncoding = 4; lastKnownFileType = sourcecode.c.h; path = GTLFramework.h; sourceTree = "<group>"; };
		655C3768159903A60027403D /* GTLJSONParser.h */ = {isa = PBXFileReference; fileEncoding = 4; lastKnownFileType = sourcecode.c.h; path = GTLJSONParser.h; sourceTree = "<group>"; };
		655C3769159903A60027403D /* GTLObject.h */ = {isa = PBXFileReference; fileEncoding = 4; lastKnownFileType = sourcecode.c.h; path = GTLObject.h; sourceTree = "<group>"; };
		655C376A159903A60027403D /* GTLQuery.h */ = {isa = PBXFileReference; fileEncoding = 4; lastKnownFileType = sourcecode.c.h; path = GTLQuery.h; sourceTree = "<group>"; };
		655C376B159903A60027403D /* GTLRuntimeCommon.h */ = {isa = PBXFileReference; fileEncoding = 4; lastKnownFileType = sourcecode.c.h; path = GTLRuntimeCommon.h; sourceTree = "<group>"; };
		655C376C159903A60027403D /* GTLService.h */ = {isa = PBXFileReference; fileEncoding = 4; lastKnownFileType = sourcecode.c.h; path = GTLService.h; sourceTree = "<group>"; };
		655C376D159903A60027403D /* GTLTargetNamespace.h */ = {isa = PBXFileReference; fileEncoding = 4; lastKnownFileType = sourcecode.c.h; path = GTLTargetNamespace.h; sourceTree = "<group>"; };
		655C376E159903A60027403D /* GTLUploadParameters.h */ = {isa = PBXFileReference; fileEncoding = 4; lastKnownFileType = sourcecode.c.h; path = GTLUploadParameters.h; sourceTree = "<group>"; };
		655C376F159903A60027403D /* GTLUtilities.h */ = {isa = PBXFileReference; fileEncoding = 4; lastKnownFileType = sourcecode.c.h; path = GTLUtilities.h; sourceTree = "<group>"; };
		655C3770159903A60027403D /* GTMGatherInputStream.h */ = {isa = PBXFileReference; fileEncoding = 4; lastKnownFileType = sourcecode.c.h; path = GTMGatherInputStream.h; sourceTree = "<group>"; };
		655C3771159903A60027403D /* GTMHTTPFetcher.h */ = {isa = PBXFileReference; fileEncoding = 4; lastKnownFileType = sourcecode.c.h; path = GTMHTTPFetcher.h; sourceTree = "<group>"; };
		655C3772159903A60027403D /* GTMHTTPFetcherLogging.h */ = {isa = PBXFileReference; fileEncoding = 4; lastKnownFileType = sourcecode.c.h; path = GTMHTTPFetcherLogging.h; sourceTree = "<group>"; };
		655C3773159903A60027403D /* GTMHTTPFetcherService.h */ = {isa = PBXFileReference; fileEncoding = 4; lastKnownFileType = sourcecode.c.h; path = GTMHTTPFetcherService.h; sourceTree = "<group>"; };
		655C3774159903A60027403D /* GTMHTTPFetchHistory.h */ = {isa = PBXFileReference; fileEncoding = 4; lastKnownFileType = sourcecode.c.h; path = GTMHTTPFetchHistory.h; sourceTree = "<group>"; };
		655C3775159903A60027403D /* GTMHTTPUploadFetcher.h */ = {isa = PBXFileReference; fileEncoding = 4; lastKnownFileType = sourcecode.c.h; path = GTMHTTPUploadFetcher.h; sourceTree = "<group>"; };
		655C3776159903A60027403D /* GTMMIMEDocument.h */ = {isa = PBXFileReference; fileEncoding = 4; lastKnownFileType = sourcecode.c.h; path = GTMMIMEDocument.h; sourceTree = "<group>"; };
		655C3777159903A60027403D /* GTMOAuth2Authentication.h */ = {isa = PBXFileReference; fileEncoding = 4; lastKnownFileType = sourcecode.c.h; path = GTMOAuth2Authentication.h; sourceTree = "<group>"; };
		655C3778159903A60027403D /* GTMOAuth2SignIn.h */ = {isa = PBXFileReference; fileEncoding = 4; lastKnownFileType = sourcecode.c.h; path = GTMOAuth2SignIn.h; sourceTree = "<group>"; };
		655C3779159903A60027403D /* GTMOAuth2ViewControllerTouch.h */ = {isa = PBXFileReference; fileEncoding = 4; lastKnownFileType = sourcecode.c.h; path = GTMOAuth2ViewControllerTouch.h; sourceTree = "<group>"; };
		655C377A159903A60027403D /* GTMOAuth2WindowController.h */ = {isa = PBXFileReference; fileEncoding = 4; lastKnownFileType = sourcecode.c.h; path = GTMOAuth2WindowController.h; sourceTree = "<group>"; };
		655C377B159903A60027403D /* GTMReadMonitorInputStream.h */ = {isa = PBXFileReference; fileEncoding = 4; lastKnownFileType = sourcecode.c.h; path = GTMReadMonitorInputStream.h; sourceTree = "<group>"; };
		65D2CCC6159A18A800ECD844 /* Defines.h */ = {isa = PBXFileReference; fileEncoding = 4; lastKnownFileType = sourcecode.c.h; path = Defines.h; sourceTree = "<group>"; };
		65D2CCC8159A18A800ECD844 /* GTaskMaster.xcdatamodel */ = {isa = PBXFileReference; lastKnownFileType = wrapper.xcdatamodel; path = GTaskMaster.xcdatamodel; sourceTree = "<group>"; };
		65D2CCC9159A18A800ECD844 /* GTSyncManager.h */ = {isa = PBXFileReference; fileEncoding = 4; lastKnownFileType = sourcecode.c.h; path = GTSyncManager.h; sourceTree = "<group>"; };
		65D2CCCA159A18A800ECD844 /* GTSyncManager.m */ = {isa = PBXFileReference; fileEncoding = 4; lastKnownFileType = sourcecode.c.objc; path = GTSyncManager.m; sourceTree = "<group>"; };
		65D2CCCB159A18A800ECD844 /* LocalTaskManager.h */ = {isa = PBXFileReference; fileEncoding = 4; lastKnownFileType = sourcecode.c.h; path = LocalTaskManager.h; sourceTree = "<group>"; };
		65D2CCCC159A18A800ECD844 /* LocalTaskManager.m */ = {isa = PBXFileReference; fileEncoding = 4; lastKnownFileType = sourcecode.c.objc; path = LocalTaskManager.m; sourceTree = "<group>"; };
		65D2CCCF159A18A800ECD844 /* GTLQueryTasks.h */ = {isa = PBXFileReference; fileEncoding = 4; lastKnownFileType = sourcecode.c.h; path = GTLQueryTasks.h; sourceTree = "<group>"; };
		65D2CCD0159A18A800ECD844 /* GTLQueryTasks.m */ = {isa = PBXFileReference; fileEncoding = 4; lastKnownFileType = sourcecode.c.objc; path = GTLQueryTasks.m; sourceTree = "<group>"; };
		65D2CCD1159A18A800ECD844 /* GTLServiceTasks.h */ = {isa = PBXFileReference; fileEncoding = 4; lastKnownFileType = sourcecode.c.h; path = GTLServiceTasks.h; sourceTree = "<group>"; };
		65D2CCD2159A18A800ECD844 /* GTLServiceTasks.m */ = {isa = PBXFileReference; fileEncoding = 4; lastKnownFileType = sourcecode.c.objc; path = GTLServiceTasks.m; sourceTree = "<group>"; };
		65D2CCD3159A18A800ECD844 /* GTLTasks.h */ = {isa = PBXFileReference; fileEncoding = 4; lastKnownFileType = sourcecode.c.h; path = GTLTasks.h; sourceTree = "<group>"; };
		65D2CCD4159A18A800ECD844 /* GTLTasksConstants.h */ = {isa = PBXFileReference; fileEncoding = 4; lastKnownFileType = sourcecode.c.h; path = GTLTasksConstants.h; sourceTree = "<group>"; };
		65D2CCD5159A18A800ECD844 /* GTLTasksConstants.m */ = {isa = PBXFileReference; fileEncoding = 4; lastKnownFileType = sourcecode.c.objc; path = GTLTasksConstants.m; sourceTree = "<group>"; };
		65D2CCD6159A18A800ECD844 /* GTLTasksTask.h */ = {isa = PBXFileReference; fileEncoding = 4; lastKnownFileType = sourcecode.c.h; path = GTLTasksTask.h; sourceTree = "<group>"; };
		65D2CCD7159A18A800ECD844 /* GTLTasksTask.m */ = {isa = PBXFileReference; fileEncoding = 4; lastKnownFileType = sourcecode.c.objc; path = GTLTasksTask.m; sourceTree = "<group>"; };
		65D2CCD8159A18A800ECD844 /* GTLTasksTaskList.h */ = {isa = PBXFileReference; fileEncoding = 4; lastKnownFileType = sourcecode.c.h; path = GTLTasksTaskList.h; sourceTree = "<group>"; };
		65D2CCD9159A18A800ECD844 /* GTLTasksTaskList.m */ = {isa = PBXFileReference; fileEncoding = 4; lastKnownFileType = sourcecode.c.objc; path = GTLTasksTaskList.m; sourceTree = "<group>"; };
		65D2CCDA159A18A800ECD844 /* GTLTasksTaskLists.h */ = {isa = PBXFileReference; fileEncoding = 4; lastKnownFileType = sourcecode.c.h; path = GTLTasksTaskLists.h; sourceTree = "<group>"; };
		65D2CCDB159A18A800ECD844 /* GTLTasksTaskLists.m */ = {isa = PBXFileReference; fileEncoding = 4; lastKnownFileType = sourcecode.c.objc; path = GTLTasksTaskLists.m; sourceTree = "<group>"; };
		65D2CCDC159A18A800ECD844 /* GTLTasksTasks.h */ = {isa = PBXFileReference; fileEncoding = 4; lastKnownFileType = sourcecode.c.h; path = GTLTasksTasks.h; sourceTree = "<group>"; };
		65D2CCDD159A18A800ECD844 /* GTLTasksTasks.m */ = {isa = PBXFileReference; fileEncoding = 4; lastKnownFileType = sourcecode.c.objc; path = GTLTasksTasks.m; sourceTree = "<group>"; };
/* End PBXFileReference section */

/* Begin PBXFrameworksBuildPhase section */
		654DA02615937C9C00CBE844 /* Frameworks */ = {
			isa = PBXFrameworksBuildPhase;
			buildActionMask = 2147483647;
			files = (
				655C375B1599031F0027403D /* SystemConfiguration.framework in Frameworks */,
				655C3759159903190027403D /* Security.framework in Frameworks */,
				655C373B159902AB0027403D /* libGTLTouchStaticLib.a in Frameworks */,
				654DA02E15937C9C00CBE844 /* UIKit.framework in Frameworks */,
				654DA03015937C9C00CBE844 /* Foundation.framework in Frameworks */,
				654DA03215937C9C00CBE844 /* CoreGraphics.framework in Frameworks */,
				654DA03415937C9C00CBE844 /* CoreData.framework in Frameworks */,
			);
			runOnlyForDeploymentPostprocessing = 0;
		};
		654DA05115937C9C00CBE844 /* Frameworks */ = {
			isa = PBXFrameworksBuildPhase;
			buildActionMask = 2147483647;
			files = (
				654DA05715937C9C00CBE844 /* SenTestingKit.framework in Frameworks */,
				654DA05815937C9C00CBE844 /* UIKit.framework in Frameworks */,
				654DA05915937C9C00CBE844 /* Foundation.framework in Frameworks */,
				654DA05A15937C9C00CBE844 /* CoreData.framework in Frameworks */,
			);
			runOnlyForDeploymentPostprocessing = 0;
		};
/* End PBXFrameworksBuildPhase section */

/* Begin PBXGroup section */
		654DA01E15937C9B00CBE844 = {
			isa = PBXGroup;
			children = (
				65D2CCC5159A18A800ECD844 /* GTaskMaster_shared */,
				654DA03515937C9C00CBE844 /* GTaskMaster_iOS */,
				654DA05D15937C9C00CBE844 /* GTaskMaster_iOSTests */,
				654DA02C15937C9C00CBE844 /* Frameworks */,
				654DA02A15937C9C00CBE844 /* Products */,
			);
			sourceTree = "<group>";
		};
		654DA02A15937C9C00CBE844 /* Products */ = {
			isa = PBXGroup;
			children = (
				654DA02915937C9C00CBE844 /* GTaskMaster_iOS.app */,
				654DA05515937C9C00CBE844 /* GTaskMaster_iOSTests.octest */,
			);
			name = Products;
			sourceTree = "<group>";
		};
		654DA02C15937C9C00CBE844 /* Frameworks */ = {
			isa = PBXGroup;
			children = (
				655C373A159902AB0027403D /* libGTLTouchStaticLib.a */,
				655C375A1599031F0027403D /* SystemConfiguration.framework */,
				655C3758159903190027403D /* Security.framework */,
				654DA02D15937C9C00CBE844 /* UIKit.framework */,
				654DA02F15937C9C00CBE844 /* Foundation.framework */,
				654DA03115937C9C00CBE844 /* CoreGraphics.framework */,
				654DA03315937C9C00CBE844 /* CoreData.framework */,
				654DA05615937C9C00CBE844 /* SenTestingKit.framework */,
			);
			name = Frameworks;
			sourceTree = "<group>";
		};
		654DA03515937C9C00CBE844 /* GTaskMaster_iOS */ = {
			isa = PBXGroup;
			children = (
				654DA03E15937C9C00CBE844 /* AppDelegate.h */,
				654DA03F15937C9C00CBE844 /* AppDelegate.m */,
				654DA04115937C9C00CBE844 /* MainStoryboard_iPhone.storyboard */,
				654DA04415937C9C00CBE844 /* MainStoryboard_iPad.storyboard */,
				654DA04A15937C9C00CBE844 /* MasterViewController.h */,
				654DA04B15937C9C00CBE844 /* MasterViewController.m */,
				654DA04D15937C9C00CBE844 /* DetailViewController.h */,
				654DA04E15937C9C00CBE844 /* DetailViewController.m */,
				655C3760159903A60027403D /* GTLHeaders */,
				654DA03615937C9C00CBE844 /* Supporting Files */,
			);
			path = GTaskMaster_iOS;
			sourceTree = "<group>";
		};
		654DA03615937C9C00CBE844 /* Supporting Files */ = {
			isa = PBXGroup;
			children = (
				654DA03715937C9C00CBE844 /* GTaskMaster_iOS-Info.plist */,
				654DA03815937C9C00CBE844 /* InfoPlist.strings */,
				654DA03B15937C9C00CBE844 /* main.m */,
				654DA03D15937C9C00CBE844 /* GTaskMaster_iOS-Prefix.pch */,
			);
			name = "Supporting Files";
			sourceTree = "<group>";
		};
		654DA05D15937C9C00CBE844 /* GTaskMaster_iOSTests */ = {
			isa = PBXGroup;
			children = (
				654DA06315937C9C00CBE844 /* GTaskMaster_iOSTests.h */,
				654DA06415937C9C00CBE844 /* GTaskMaster_iOSTests.m */,
				654DA05E15937C9C00CBE844 /* Supporting Files */,
			);
			path = GTaskMaster_iOSTests;
			sourceTree = "<group>";
		};
		654DA05E15937C9C00CBE844 /* Supporting Files */ = {
			isa = PBXGroup;
			children = (
				654DA05F15937C9C00CBE844 /* GTaskMaster_iOSTests-Info.plist */,
				654DA06015937C9C00CBE844 /* InfoPlist.strings */,
			);
			name = "Supporting Files";
			sourceTree = "<group>";
		};
		655C3760159903A60027403D /* GTLHeaders */ = {
			isa = PBXGroup;
			children = (
				655C3761159903A60027403D /* GTLBase64.h */,
				655C3762159903A60027403D /* GTLBatchQuery.h */,
				655C3763159903A60027403D /* GTLBatchResult.h */,
				655C3764159903A60027403D /* GTLDateTime.h */,
				655C3765159903A60027403D /* GTLDefines.h */,
				655C3766159903A60027403D /* GTLErrorObject.h */,
				655C3767159903A60027403D /* GTLFramework.h */,
				655C3768159903A60027403D /* GTLJSONParser.h */,
				655C3769159903A60027403D /* GTLObject.h */,
				655C376A159903A60027403D /* GTLQuery.h */,
				655C376B159903A60027403D /* GTLRuntimeCommon.h */,
				655C376C159903A60027403D /* GTLService.h */,
				655C376D159903A60027403D /* GTLTargetNamespace.h */,
				655C376E159903A60027403D /* GTLUploadParameters.h */,
				655C376F159903A60027403D /* GTLUtilities.h */,
				655C3770159903A60027403D /* GTMGatherInputStream.h */,
				655C3771159903A60027403D /* GTMHTTPFetcher.h */,
				655C3772159903A60027403D /* GTMHTTPFetcherLogging.h */,
				655C3773159903A60027403D /* GTMHTTPFetcherService.h */,
				655C3774159903A60027403D /* GTMHTTPFetchHistory.h */,
				655C3775159903A60027403D /* GTMHTTPUploadFetcher.h */,
				655C3776159903A60027403D /* GTMMIMEDocument.h */,
				655C3777159903A60027403D /* GTMOAuth2Authentication.h */,
				655C3778159903A60027403D /* GTMOAuth2SignIn.h */,
				655C3779159903A60027403D /* GTMOAuth2ViewControllerTouch.h */,
				655C377A159903A60027403D /* GTMOAuth2WindowController.h */,
				655C377B159903A60027403D /* GTMReadMonitorInputStream.h */,
			);
			path = GTLHeaders;
			sourceTree = "<group>";
		};
		65D2CCC5159A18A800ECD844 /* GTaskMaster_shared */ = {
			isa = PBXGroup;
			children = (
				65D2CCC6159A18A800ECD844 /* Defines.h */,
				65D2CCC7159A18A800ECD844 /* GTaskMaster.xcdatamodeld */,
				65D2CCCB159A18A800ECD844 /* LocalTaskManager.h */,
				65D2CCCC159A18A800ECD844 /* LocalTaskManager.m */,
				65D2CCC9159A18A800ECD844 /* GTSyncManager.h */,
				65D2CCCA159A18A800ECD844 /* GTSyncManager.m */,
				65D2CCCD159A18A800ECD844 /* Tasks */,
			);
			name = GTaskMaster_shared;
			path = ../GTaskMaster_shared;
			sourceTree = "<group>";
		};
		65D2CCCD159A18A800ECD844 /* Tasks */ = {
			isa = PBXGroup;
			children = (
				65D2CCCE159A18A800ECD844 /* Generated */,
			);
			path = Tasks;
			sourceTree = "<group>";
		};
		65D2CCCE159A18A800ECD844 /* Generated */ = {
			isa = PBXGroup;
			children = (
				65D2CCCF159A18A800ECD844 /* GTLQueryTasks.h */,
				65D2CCD0159A18A800ECD844 /* GTLQueryTasks.m */,
				65D2CCD1159A18A800ECD844 /* GTLServiceTasks.h */,
				65D2CCD2159A18A800ECD844 /* GTLServiceTasks.m */,
				65D2CCD3159A18A800ECD844 /* GTLTasks.h */,
				65D2CCD4159A18A800ECD844 /* GTLTasksConstants.h */,
				65D2CCD5159A18A800ECD844 /* GTLTasksConstants.m */,
				65D2CCD6159A18A800ECD844 /* GTLTasksTask.h */,
				65D2CCD7159A18A800ECD844 /* GTLTasksTask.m */,
				65D2CCD8159A18A800ECD844 /* GTLTasksTaskList.h */,
				65D2CCD9159A18A800ECD844 /* GTLTasksTaskList.m */,
				65D2CCDA159A18A800ECD844 /* GTLTasksTaskLists.h */,
				65D2CCDB159A18A800ECD844 /* GTLTasksTaskLists.m */,
				65D2CCDC159A18A800ECD844 /* GTLTasksTasks.h */,
				65D2CCDD159A18A800ECD844 /* GTLTasksTasks.m */,
			);
			path = Generated;
			sourceTree = "<group>";
		};
/* End PBXGroup section */

/* Begin PBXNativeTarget section */
		654DA02815937C9C00CBE844 /* GTaskMaster_iOS */ = {
			isa = PBXNativeTarget;
			buildConfigurationList = 654DA06815937C9C00CBE844 /* Build configuration list for PBXNativeTarget "GTaskMaster_iOS" */;
			buildPhases = (
				654DA02515937C9C00CBE844 /* Sources */,
				654DA02615937C9C00CBE844 /* Frameworks */,
				654DA02715937C9C00CBE844 /* Resources */,
			);
			buildRules = (
			);
			dependencies = (
			);
			name = GTaskMaster_iOS;
			productName = GTaskMaster_iOS;
			productReference = 654DA02915937C9C00CBE844 /* GTaskMaster_iOS.app */;
			productType = "com.apple.product-type.application";
		};
		654DA05415937C9C00CBE844 /* GTaskMaster_iOSTests */ = {
			isa = PBXNativeTarget;
			buildConfigurationList = 654DA06B15937C9C00CBE844 /* Build configuration list for PBXNativeTarget "GTaskMaster_iOSTests" */;
			buildPhases = (
				654DA05015937C9C00CBE844 /* Sources */,
				654DA05115937C9C00CBE844 /* Frameworks */,
				654DA05215937C9C00CBE844 /* Resources */,
				654DA05315937C9C00CBE844 /* ShellScript */,
			);
			buildRules = (
			);
			dependencies = (
				654DA05C15937C9C00CBE844 /* PBXTargetDependency */,
			);
			name = GTaskMaster_iOSTests;
			productName = GTaskMaster_iOSTests;
			productReference = 654DA05515937C9C00CBE844 /* GTaskMaster_iOSTests.octest */;
			productType = "com.apple.product-type.bundle";
		};
/* End PBXNativeTarget section */

/* Begin PBXProject section */
		654DA02015937C9B00CBE844 /* Project object */ = {
			isa = PBXProject;
			attributes = {
				LastUpgradeCheck = 0450;
				ORGANIZATIONNAME = "Kurt Hardin";
			};
			buildConfigurationList = 654DA02315937C9B00CBE844 /* Build configuration list for PBXProject "GTaskMaster_iOS" */;
			compatibilityVersion = "Xcode 3.2";
			developmentRegion = English;
			hasScannedForEncodings = 0;
			knownRegions = (
				en,
			);
			mainGroup = 654DA01E15937C9B00CBE844;
			productRefGroup = 654DA02A15937C9C00CBE844 /* Products */;
			projectDirPath = "";
			projectRoot = "";
			targets = (
				654DA02815937C9C00CBE844 /* GTaskMaster_iOS */,
				654DA05415937C9C00CBE844 /* GTaskMaster_iOSTests */,
			);
		};
/* End PBXProject section */

/* Begin PBXResourcesBuildPhase section */
		654DA02715937C9C00CBE844 /* Resources */ = {
			isa = PBXResourcesBuildPhase;
			buildActionMask = 2147483647;
			files = (
				654DA03A15937C9C00CBE844 /* InfoPlist.strings in Resources */,
				654DA04315937C9C00CBE844 /* MainStoryboard_iPhone.storyboard in Resources */,
				654DA04615937C9C00CBE844 /* MainStoryboard_iPad.storyboard in Resources */,
			);
			runOnlyForDeploymentPostprocessing = 0;
		};
		654DA05215937C9C00CBE844 /* Resources */ = {
			isa = PBXResourcesBuildPhase;
			buildActionMask = 2147483647;
			files = (
				654DA06215937C9C00CBE844 /* InfoPlist.strings in Resources */,
			);
			runOnlyForDeploymentPostprocessing = 0;
		};
/* End PBXResourcesBuildPhase section */

/* Begin PBXShellScriptBuildPhase section */
		654DA05315937C9C00CBE844 /* ShellScript */ = {
			isa = PBXShellScriptBuildPhase;
			buildActionMask = 2147483647;
			files = (
			);
			inputPaths = (
			);
			outputPaths = (
			);
			runOnlyForDeploymentPostprocessing = 0;
			shellPath = /bin/sh;
			shellScript = "# Run the unit tests in this test bundle.\n\"${SYSTEM_DEVELOPER_DIR}/Tools/RunUnitTests\"\n";
		};
/* End PBXShellScriptBuildPhase section */

/* Begin PBXSourcesBuildPhase section */
		654DA02515937C9C00CBE844 /* Sources */ = {
			isa = PBXSourcesBuildPhase;
			buildActionMask = 2147483647;
			files = (
				654DA03C15937C9C00CBE844 /* main.m in Sources */,
				654DA04015937C9C00CBE844 /* AppDelegate.m in Sources */,
				654DA04C15937C9C00CBE844 /* MasterViewController.m in Sources */,
				654DA04F15937C9C00CBE844 /* DetailViewController.m in Sources */,
				65D2CCDE159A18A800ECD844 /* GTaskMaster.xcdatamodeld in Sources */,
				65D2CCDF159A18A800ECD844 /* GTSyncManager.m in Sources */,
				65D2CCE0159A18A800ECD844 /* LocalTaskManager.m in Sources */,
				65D2CCE1159A18A800ECD844 /* GTLQueryTasks.m in Sources */,
				65D2CCE2159A18A800ECD844 /* GTLServiceTasks.m in Sources */,
				65D2CCE3159A18A800ECD844 /* GTLTasksConstants.m in Sources */,
				65D2CCE4159A18A800ECD844 /* GTLTasksTask.m in Sources */,
				65D2CCE5159A18A800ECD844 /* GTLTasksTaskList.m in Sources */,
				65D2CCE6159A18A800ECD844 /* GTLTasksTaskLists.m in Sources */,
				65D2CCE7159A18A800ECD844 /* GTLTasksTasks.m in Sources */,
			);
			runOnlyForDeploymentPostprocessing = 0;
		};
		654DA05015937C9C00CBE844 /* Sources */ = {
			isa = PBXSourcesBuildPhase;
			buildActionMask = 2147483647;
			files = (
				654DA06515937C9C00CBE844 /* GTaskMaster_iOSTests.m in Sources */,
			);
			runOnlyForDeploymentPostprocessing = 0;
		};
/* End PBXSourcesBuildPhase section */

/* Begin PBXTargetDependency section */
		654DA05C15937C9C00CBE844 /* PBXTargetDependency */ = {
			isa = PBXTargetDependency;
			target = 654DA02815937C9C00CBE844 /* GTaskMaster_iOS */;
			targetProxy = 654DA05B15937C9C00CBE844 /* PBXContainerItemProxy */;
		};
/* End PBXTargetDependency section */

/* Begin PBXVariantGroup section */
		654DA03815937C9C00CBE844 /* InfoPlist.strings */ = {
			isa = PBXVariantGroup;
			children = (
				654DA03915937C9C00CBE844 /* en */,
			);
			name = InfoPlist.strings;
			sourceTree = "<group>";
		};
		654DA04115937C9C00CBE844 /* MainStoryboard_iPhone.storyboard */ = {
			isa = PBXVariantGroup;
			children = (
				654DA04215937C9C00CBE844 /* en */,
			);
			name = MainStoryboard_iPhone.storyboard;
			sourceTree = "<group>";
		};
		654DA04415937C9C00CBE844 /* MainStoryboard_iPad.storyboard */ = {
			isa = PBXVariantGroup;
			children = (
				654DA04515937C9C00CBE844 /* en */,
			);
			name = MainStoryboard_iPad.storyboard;
			sourceTree = "<group>";
		};
		654DA06015937C9C00CBE844 /* InfoPlist.strings */ = {
			isa = PBXVariantGroup;
			children = (
				654DA06115937C9C00CBE844 /* en */,
			);
			name = InfoPlist.strings;
			sourceTree = "<group>";
		};
/* End PBXVariantGroup section */

/* Begin XCBuildConfiguration section */
		654DA06615937C9C00CBE844 /* Debug */ = {
			isa = XCBuildConfiguration;
			buildSettings = {
				ALWAYS_SEARCH_USER_PATHS = NO;
				CLANG_CXX_LANGUAGE_STANDARD = "gnu++0x";
				CLANG_ENABLE_OBJC_ARC = YES;
				CLANG_WARN__DUPLICATE_METHOD_MATCH = YES;
				"CODE_SIGN_IDENTITY[sdk=iphoneos*]" = "iPhone Developer";
				COPY_PHASE_STRIP = NO;
				GCC_C_LANGUAGE_STANDARD = gnu99;
				GCC_DYNAMIC_NO_PIC = NO;
				GCC_OPTIMIZATION_LEVEL = 0;
				GCC_PREPROCESSOR_DEFINITIONS = (
					"DEBUG=1",
					"$(inherited)",
				);
				GCC_SYMBOLS_PRIVATE_EXTERN = NO;
				GCC_WARN_ABOUT_RETURN_TYPE = YES;
				GCC_WARN_UNINITIALIZED_AUTOS = YES;
				GCC_WARN_UNUSED_VARIABLE = YES;
				IPHONEOS_DEPLOYMENT_TARGET = 6.0;
				SDKROOT = iphoneos;
				TARGETED_DEVICE_FAMILY = "1,2";
			};
			name = Debug;
		};
		654DA06715937C9C00CBE844 /* Release */ = {
			isa = XCBuildConfiguration;
			buildSettings = {
				ALWAYS_SEARCH_USER_PATHS = NO;
				CLANG_CXX_LANGUAGE_STANDARD = "gnu++0x";
				CLANG_ENABLE_OBJC_ARC = YES;
				CLANG_WARN__DUPLICATE_METHOD_MATCH = YES;
				"CODE_SIGN_IDENTITY[sdk=iphoneos*]" = "iPhone Developer";
				COPY_PHASE_STRIP = YES;
				GCC_C_LANGUAGE_STANDARD = gnu99;
				GCC_WARN_ABOUT_RETURN_TYPE = YES;
				GCC_WARN_UNINITIALIZED_AUTOS = YES;
				GCC_WARN_UNUSED_VARIABLE = YES;
				IPHONEOS_DEPLOYMENT_TARGET = 6.0;
				OTHER_CFLAGS = "-DNS_BLOCK_ASSERTIONS=1";
				SDKROOT = iphoneos;
				TARGETED_DEVICE_FAMILY = "1,2";
				VALIDATE_PRODUCT = YES;
			};
			name = Release;
		};
		654DA06915937C9C00CBE844 /* Debug */ = {
			isa = XCBuildConfiguration;
			buildSettings = {
				GCC_PRECOMPILE_PREFIX_HEADER = YES;
				GCC_PREFIX_HEADER = "GTaskMaster_iOS/GTaskMaster_iOS-Prefix.pch";
				INFOPLIST_FILE = "GTaskMaster_iOS/GTaskMaster_iOS-Info.plist";
				IPHONEOS_DEPLOYMENT_TARGET = 5.0;
				LIBRARY_SEARCH_PATHS = (
					"$(inherited)",
					"\"$(SRCROOT)/../../../../../Library/Developer/Xcode/DerivedData/GTL-bwknhtmhfpfjckgklaaxclljtxkf/Build/Products/Debug-iphoneos\"",
					"\"$(SRCROOT)\"",
				);
				OTHER_LDFLAGS = (
					"-all_load",
					"-ObjC",
				);
				PRODUCT_NAME = "$(TARGET_NAME)";
				WRAPPER_EXTENSION = app;
			};
			name = Debug;
		};
		654DA06A15937C9C00CBE844 /* Release */ = {
			isa = XCBuildConfiguration;
			buildSettings = {
				GCC_PRECOMPILE_PREFIX_HEADER = YES;
				GCC_PREFIX_HEADER = "GTaskMaster_iOS/GTaskMaster_iOS-Prefix.pch";
				INFOPLIST_FILE = "GTaskMaster_iOS/GTaskMaster_iOS-Info.plist";
				IPHONEOS_DEPLOYMENT_TARGET = 5.0;
				LIBRARY_SEARCH_PATHS = (
					"$(inherited)",
					"\"$(SRCROOT)/../../../../../Library/Developer/Xcode/DerivedData/GTL-bwknhtmhfpfjckgklaaxclljtxkf/Build/Products/Debug-iphoneos\"",
					"\"$(SRCROOT)\"",
				);
				OTHER_LDFLAGS = (
					"-all_load",
					"-ObjC",
				);
				PRODUCT_NAME = "$(TARGET_NAME)";
				WRAPPER_EXTENSION = app;
			};
			name = Release;
		};
		654DA06C15937C9C00CBE844 /* Debug */ = {
			isa = XCBuildConfiguration;
			buildSettings = {
				BUNDLE_LOADER = "$(BUILT_PRODUCTS_DIR)/GTaskMaster_iOS.app/GTaskMaster_iOS";
				FRAMEWORK_SEARCH_PATHS = (
					"\"$(SDKROOT)/Developer/Library/Frameworks\"",
					"\"$(DEVELOPER_LIBRARY_DIR)/Frameworks\"",
				);
				GCC_PRECOMPILE_PREFIX_HEADER = YES;
				GCC_PREFIX_HEADER = "GTaskMaster_iOS/GTaskMaster_iOS-Prefix.pch";
				INFOPLIST_FILE = "GTaskMaster_iOSTests/GTaskMaster_iOSTests-Info.plist";
				PRODUCT_NAME = "$(TARGET_NAME)";
				TEST_HOST = "$(BUNDLE_LOADER)";
				WRAPPER_EXTENSION = octest;
			};
			name = Debug;
		};
		654DA06D15937C9C00CBE844 /* Release */ = {
			isa = XCBuildConfiguration;
			buildSettings = {
				BUNDLE_LOADER = "$(BUILT_PRODUCTS_DIR)/GTaskMaster_iOS.app/GTaskMaster_iOS";
				FRAMEWORK_SEARCH_PATHS = (
					"\"$(SDKROOT)/Developer/Library/Frameworks\"",
					"\"$(DEVELOPER_LIBRARY_DIR)/Frameworks\"",
				);
				GCC_PRECOMPILE_PREFIX_HEADER = YES;
				GCC_PREFIX_HEADER = "GTaskMaster_iOS/GTaskMaster_iOS-Prefix.pch";
				INFOPLIST_FILE = "GTaskMaster_iOSTests/GTaskMaster_iOSTests-Info.plist";
				PRODUCT_NAME = "$(TARGET_NAME)";
				TEST_HOST = "$(BUNDLE_LOADER)";
				WRAPPER_EXTENSION = octest;
			};
			name = Release;
		};
/* End XCBuildConfiguration section */

/* Begin XCConfigurationList section */
		654DA02315937C9B00CBE844 /* Build configuration list for PBXProject "GTaskMaster_iOS" */ = {
			isa = XCConfigurationList;
			buildConfigurations = (
				654DA06615937C9C00CBE844 /* Debug */,
				654DA06715937C9C00CBE844 /* Release */,
			);
			defaultConfigurationIsVisible = 0;
			defaultConfigurationName = Release;
		};
		654DA06815937C9C00CBE844 /* Build configuration list for PBXNativeTarget "GTaskMaster_iOS" */ = {
			isa = XCConfigurationList;
			buildConfigurations = (
				654DA06915937C9C00CBE844 /* Debug */,
				654DA06A15937C9C00CBE844 /* Release */,
			);
			defaultConfigurationIsVisible = 0;
			defaultConfigurationName = Release;
		};
		654DA06B15937C9C00CBE844 /* Build configuration list for PBXNativeTarget "GTaskMaster_iOSTests" */ = {
			isa = XCConfigurationList;
			buildConfigurations = (
				654DA06C15937C9C00CBE844 /* Debug */,
				654DA06D15937C9C00CBE844 /* Release */,
			);
			defaultConfigurationIsVisible = 0;
			defaultConfigurationName = Release;
		};
/* End XCConfigurationList section */

/* Begin XCVersionGroup section */
		65D2CCC7159A18A800ECD844 /* GTaskMaster.xcdatamodeld */ = {
			isa = XCVersionGroup;
			children = (
				65D2CCC8159A18A800ECD844 /* GTaskMaster.xcdatamodel */,
			);
			currentVersion = 65D2CCC8159A18A800ECD844 /* GTaskMaster.xcdatamodel */;
			path = GTaskMaster.xcdatamodeld;
			sourceTree = "<group>";
			versionGroupType = wrapper.xcdatamodel;
		};
/* End XCVersionGroup section */
	};
	rootObject = 654DA02015937C9B00CBE844 /* Project object */;
}
