// !$*UTF8*$!
{
	archiveVersion = 1;
	classes = {
	};
	objectVersion = 46;
	objects = {

/* Begin PBXBuildFile section */
		6517110A15B62B3200FBF5BC /* GTMOAuth2ViewTouch.xib in Resources */ = {isa = PBXBuildFile; fileRef = 6517110915B62B3200FBF5BC /* GTMOAuth2ViewTouch.xib */; };
		652AC11A15B6158900F99147 /* libGTLTouchStaticLib.a in Frameworks */ = {isa = PBXBuildFile; fileRef = 652AC11915B6158900F99147 /* libGTLTouchStaticLib.a */; };
		654DA02E15937C9C00CBE844 /* UIKit.framework in Frameworks */ = {isa = PBXBuildFile; fileRef = 654DA02D15937C9C00CBE844 /* UIKit.framework */; };
		654DA03015937C9C00CBE844 /* Foundation.framework in Frameworks */ = {isa = PBXBuildFile; fileRef = 654DA02F15937C9C00CBE844 /* Foundation.framework */; };
		654DA03215937C9C00CBE844 /* CoreGraphics.framework in Frameworks */ = {isa = PBXBuildFile; fileRef = 654DA03115937C9C00CBE844 /* CoreGraphics.framework */; };
		654DA03415937C9C00CBE844 /* CoreData.framework in Frameworks */ = {isa = PBXBuildFile; fileRef = 654DA03315937C9C00CBE844 /* CoreData.framework */; };
		654DA03A15937C9C00CBE844 /* InfoPlist.strings in Resources */ = {isa = PBXBuildFile; fileRef = 654DA03815937C9C00CBE844 /* InfoPlist.strings */; };
		654DA03C15937C9C00CBE844 /* main.m in Sources */ = {isa = PBXBuildFile; fileRef = 654DA03B15937C9C00CBE844 /* main.m */; };
		654DA04015937C9C00CBE844 /* AppDelegate.m in Sources */ = {isa = PBXBuildFile; fileRef = 654DA03F15937C9C00CBE844 /* AppDelegate.m */; };
		654DA04315937C9C00CBE844 /* MainStoryboard_iPhone.storyboard in Resources */ = {isa = PBXBuildFile; fileRef = 654DA04115937C9C00CBE844 /* MainStoryboard_iPhone.storyboard */; };
		654DA04615937C9C00CBE844 /* MainStoryboard_iPad.storyboard in Resources */ = {isa = PBXBuildFile; fileRef = 654DA04415937C9C00CBE844 /* MainStoryboard_iPad.storyboard */; };
		654DA04C15937C9C00CBE844 /* MasterViewController.m in Sources */ = {isa = PBXBuildFile; fileRef = 654DA04B15937C9C00CBE844 /* MasterViewController.m */; };
		654DA04F15937C9C00CBE844 /* DetailViewController.m in Sources */ = {isa = PBXBuildFile; fileRef = 654DA04E15937C9C00CBE844 /* DetailViewController.m */; };
		654DA05715937C9C00CBE844 /* SenTestingKit.framework in Frameworks */ = {isa = PBXBuildFile; fileRef = 654DA05615937C9C00CBE844 /* SenTestingKit.framework */; };
		654DA05815937C9C00CBE844 /* UIKit.framework in Frameworks */ = {isa = PBXBuildFile; fileRef = 654DA02D15937C9C00CBE844 /* UIKit.framework */; };
		654DA05915937C9C00CBE844 /* Foundation.framework in Frameworks */ = {isa = PBXBuildFile; fileRef = 654DA02F15937C9C00CBE844 /* Foundation.framework */; };
		654DA05A15937C9C00CBE844 /* CoreData.framework in Frameworks */ = {isa = PBXBuildFile; fileRef = 654DA03315937C9C00CBE844 /* CoreData.framework */; };
		654DA06215937C9C00CBE844 /* InfoPlist.strings in Resources */ = {isa = PBXBuildFile; fileRef = 654DA06015937C9C00CBE844 /* InfoPlist.strings */; };
		654DA06515937C9C00CBE844 /* GTaskMaster_iOSTests.m in Sources */ = {isa = PBXBuildFile; fileRef = 654DA06415937C9C00CBE844 /* GTaskMaster_iOSTests.m */; };
		655C3759159903190027403D /* Security.framework in Frameworks */ = {isa = PBXBuildFile; fileRef = 655C3758159903190027403D /* Security.framework */; };
		655C375B1599031F0027403D /* SystemConfiguration.framework in Frameworks */ = {isa = PBXBuildFile; fileRef = 655C375A1599031F0027403D /* SystemConfiguration.framework */; };
		65782CBB15B603EE007632E1 /* GTaskMaster.xcdatamodeld in Sources */ = {isa = PBXBuildFile; fileRef = 65782C9515B603EE007632E1 /* GTaskMaster.xcdatamodeld */; };
		65782CBC15B603EE007632E1 /* GTaskMasterManagedLink.m in Sources */ = {isa = PBXBuildFile; fileRef = 65782C9815B603EE007632E1 /* GTaskMasterManagedLink.m */; };
		65782CBD15B603EE007632E1 /* GTaskMasterManagedTask.m in Sources */ = {isa = PBXBuildFile; fileRef = 65782C9A15B603EE007632E1 /* GTaskMasterManagedTask.m */; };
		65782CBE15B603EE007632E1 /* GTaskMasterManagedTaskList.m in Sources */ = {isa = PBXBuildFile; fileRef = 65782C9C15B603EE007632E1 /* GTaskMasterManagedTaskList.m */; };
		65782CBF15B603EE007632E1 /* GTSyncManager.m in Sources */ = {isa = PBXBuildFile; fileRef = 65782CA015B603EE007632E1 /* GTSyncManager.m */; };
		65782CC015B603EE007632E1 /* LocalTaskManager.m in Sources */ = {isa = PBXBuildFile; fileRef = 65782CA215B603EE007632E1 /* LocalTaskManager.m */; };
		65782CC415B603EE007632E1 /* GTaskMasterIcon.jpeg in Resources */ = {isa = PBXBuildFile; fileRef = 65782CA915B603EE007632E1 /* GTaskMasterIcon.jpeg */; };
		65782CC515B603EE007632E1 /* GTLQueryTasks.m in Sources */ = {isa = PBXBuildFile; fileRef = 65782CAD15B603EE007632E1 /* GTLQueryTasks.m */; };
		65782CC615B603EE007632E1 /* GTLServiceTasks.m in Sources */ = {isa = PBXBuildFile; fileRef = 65782CAF15B603EE007632E1 /* GTLServiceTasks.m */; };
		65782CC715B603EE007632E1 /* GTLTasksConstants.m in Sources */ = {isa = PBXBuildFile; fileRef = 65782CB215B603EE007632E1 /* GTLTasksConstants.m */; };
		65782CC815B603EE007632E1 /* GTLTasksTask.m in Sources */ = {isa = PBXBuildFile; fileRef = 65782CB415B603EE007632E1 /* GTLTasksTask.m */; };
		65782CC915B603EE007632E1 /* GTLTasksTaskList.m in Sources */ = {isa = PBXBuildFile; fileRef = 65782CB615B603EE007632E1 /* GTLTasksTaskList.m */; };
		65782CCA15B603EE007632E1 /* GTLTasksTaskLists.m in Sources */ = {isa = PBXBuildFile; fileRef = 65782CB815B603EE007632E1 /* GTLTasksTaskLists.m */; };
		65782CCB15B603EE007632E1 /* GTLTasksTasks.m in Sources */ = {isa = PBXBuildFile; fileRef = 65782CBA15B603EE007632E1 /* GTLTasksTasks.m */; };
/* End PBXBuildFile section */

/* Begin PBXContainerItemProxy section */
		654DA05B15937C9C00CBE844 /* PBXContainerItemProxy */ = {
			isa = PBXContainerItemProxy;
			containerPortal = 654DA02015937C9B00CBE844 /* Project object */;
			proxyType = 1;
			remoteGlobalIDString = 654DA02815937C9C00CBE844;
			remoteInfo = GTaskMaster_iOS;
		};
/* End PBXContainerItemProxy section */

/* Begin PBXFileReference section */
		6517110915B62B3200FBF5BC /* GTMOAuth2ViewTouch.xib */ = {isa = PBXFileReference; fileEncoding = 4; lastKnownFileType = file.xib; path = GTMOAuth2ViewTouch.xib; sourceTree = "<group>"; };
		652AC0FE15B6158900F99147 /* GTLBase64.h */ = {isa = PBXFileReference; fileEncoding = 4; lastKnownFileType = sourcecode.c.h; path = GTLBase64.h; sourceTree = "<group>"; };
		652AC0FF15B6158900F99147 /* GTLBatchQuery.h */ = {isa = PBXFileReference; fileEncoding = 4; lastKnownFileType = sourcecode.c.h; path = GTLBatchQuery.h; sourceTree = "<group>"; };
		652AC10015B6158900F99147 /* GTLBatchResult.h */ = {isa = PBXFileReference; fileEncoding = 4; lastKnownFileType = sourcecode.c.h; path = GTLBatchResult.h; sourceTree = "<group>"; };
		652AC10115B6158900F99147 /* GTLDateTime.h */ = {isa = PBXFileReference; fileEncoding = 4; lastKnownFileType = sourcecode.c.h; path = GTLDateTime.h; sourceTree = "<group>"; };
		652AC10215B6158900F99147 /* GTLDefines.h */ = {isa = PBXFileReference; fileEncoding = 4; lastKnownFileType = sourcecode.c.h; path = GTLDefines.h; sourceTree = "<group>"; };
		652AC10315B6158900F99147 /* GTLErrorObject.h */ = {isa = PBXFileReference; fileEncoding = 4; lastKnownFileType = sourcecode.c.h; path = GTLErrorObject.h; sourceTree = "<group>"; };
		652AC10415B6158900F99147 /* GTLFramework.h */ = {isa = PBXFileReference; fileEncoding = 4; lastKnownFileType = sourcecode.c.h; path = GTLFramework.h; sourceTree = "<group>"; };
		652AC10515B6158900F99147 /* GTLJSONParser.h */ = {isa = PBXFileReference; fileEncoding = 4; lastKnownFileType = sourcecode.c.h; path = GTLJSONParser.h; sourceTree = "<group>"; };
		652AC10615B6158900F99147 /* GTLObject.h */ = {isa = PBXFileReference; fileEncoding = 4; lastKnownFileType = sourcecode.c.h; path = GTLObject.h; sourceTree = "<group>"; };
		652AC10715B6158900F99147 /* GTLQuery.h */ = {isa = PBXFileReference; fileEncoding = 4; lastKnownFileType = sourcecode.c.h; path = GTLQuery.h; sourceTree = "<group>"; };
		652AC10815B6158900F99147 /* GTLRuntimeCommon.h */ = {isa = PBXFileReference; fileEncoding = 4; lastKnownFileType = sourcecode.c.h; path = GTLRuntimeCommon.h; sourceTree = "<group>"; };
		652AC10915B6158900F99147 /* GTLService.h */ = {isa = PBXFileReference; fileEncoding = 4; lastKnownFileType = sourcecode.c.h; path = GTLService.h; sourceTree = "<group>"; };
		652AC10A15B6158900F99147 /* GTLTargetNamespace.h */ = {isa = PBXFileReference; fileEncoding = 4; lastKnownFileType = sourcecode.c.h; path = GTLTargetNamespace.h; sourceTree = "<group>"; };
		652AC10B15B6158900F99147 /* GTLUploadParameters.h */ = {isa = PBXFileReference; fileEncoding = 4; lastKnownFileType = sourcecode.c.h; path = GTLUploadParameters.h; sourceTree = "<group>"; };
		652AC10C15B6158900F99147 /* GTLUtilities.h */ = {isa = PBXFileReference; fileEncoding = 4; lastKnownFileType = sourcecode.c.h; path = GTLUtilities.h; sourceTree = "<group>"; };
		652AC10D15B6158900F99147 /* GTMGatherInputStream.h */ = {isa = PBXFileReference; fileEncoding = 4; lastKnownFileType = sourcecode.c.h; path = GTMGatherInputStream.h; sourceTree = "<group>"; };
		652AC10E15B6158900F99147 /* GTMHTTPFetcher.h */ = {isa = PBXFileReference; fileEncoding = 4; lastKnownFileType = sourcecode.c.h; path = GTMHTTPFetcher.h; sourceTree = "<group>"; };
		652AC10F15B6158900F99147 /* GTMHTTPFetcherLogging.h */ = {isa = PBXFileReference; fileEncoding = 4; lastKnownFileType = sourcecode.c.h; path = GTMHTTPFetcherLogging.h; sourceTree = "<group>"; };
		652AC11015B6158900F99147 /* GTMHTTPFetcherService.h */ = {isa = PBXFileReference; fileEncoding = 4; lastKnownFileType = sourcecode.c.h; path = GTMHTTPFetcherService.h; sourceTree = "<group>"; };
		652AC11115B6158900F99147 /* GTMHTTPFetchHistory.h */ = {isa = PBXFileReference; fileEncoding = 4; lastKnownFileType = sourcecode.c.h; path = GTMHTTPFetchHistory.h; sourceTree = "<group>"; };
		652AC11215B6158900F99147 /* GTMHTTPUploadFetcher.h */ = {isa = PBXFileReference; fileEncoding = 4; lastKnownFileType = sourcecode.c.h; path = GTMHTTPUploadFetcher.h; sourceTree = "<group>"; };
		652AC11315B6158900F99147 /* GTMMIMEDocument.h */ = {isa = PBXFileReference; fileEncoding = 4; lastKnownFileType = sourcecode.c.h; path = GTMMIMEDocument.h; sourceTree = "<group>"; };
		652AC11415B6158900F99147 /* GTMOAuth2Authentication.h */ = {isa = PBXFileReference; fileEncoding = 4; lastKnownFileType = sourcecode.c.h; path = GTMOAuth2Authentication.h; sourceTree = "<group>"; };
		652AC11515B6158900F99147 /* GTMOAuth2SignIn.h */ = {isa = PBXFileReference; fileEncoding = 4; lastKnownFileType = sourcecode.c.h; path = GTMOAuth2SignIn.h; sourceTree = "<group>"; };
		652AC11615B6158900F99147 /* GTMOAuth2ViewControllerTouch.h */ = {isa = PBXFileReference; fileEncoding = 4; lastKnownFileType = sourcecode.c.h; path = GTMOAuth2ViewControllerTouch.h; sourceTree = "<group>"; };
		652AC11715B6158900F99147 /* GTMOAuth2WindowController.h */ = {isa = PBXFileReference; fileEncoding = 4; lastKnownFileType = sourcecode.c.h; path = GTMOAuth2WindowController.h; sourceTree = "<group>"; };
		652AC11815B6158900F99147 /* GTMReadMonitorInputStream.h */ = {isa = PBXFileReference; fileEncoding = 4; lastKnownFileType = sourcecode.c.h; path = GTMReadMonitorInputStream.h; sourceTree = "<group>"; };
		652AC11915B6158900F99147 /* libGTLTouchStaticLib.a */ = {isa = PBXFileReference; lastKnownFileType = archive.ar; path = libGTLTouchStaticLib.a; sourceTree = "<group>"; };
		654DA02915937C9C00CBE844 /* GTaskMaster_iOS.app */ = {isa = PBXFileReference; explicitFileType = wrapper.application; includeInIndex = 0; path = GTaskMaster_iOS.app; sourceTree = BUILT_PRODUCTS_DIR; };
		654DA02D15937C9C00CBE844 /* UIKit.framework */ = {isa = PBXFileReference; lastKnownFileType = wrapper.framework; name = UIKit.framework; path = System/Library/Frameworks/UIKit.framework; sourceTree = SDKROOT; };
		654DA02F15937C9C00CBE844 /* Foundation.framework */ = {isa = PBXFileReference; lastKnownFileType = wrapper.framework; name = Foundation.framework; path = System/Library/Frameworks/Foundation.framework; sourceTree = SDKROOT; };
		654DA03115937C9C00CBE844 /* CoreGraphics.framework */ = {isa = PBXFileReference; lastKnownFileType = wrapper.framework; name = CoreGraphics.framework; path = System/Library/Frameworks/CoreGraphics.framework; sourceTree = SDKROOT; };
		654DA03315937C9C00CBE844 /* CoreData.framework */ = {isa = PBXFileReference; lastKnownFileType = wrapper.framework; name = CoreData.framework; path = System/Library/Frameworks/CoreData.framework; sourceTree = SDKROOT; };
		654DA03715937C9C00CBE844 /* GTaskMaster_iOS-Info.plist */ = {isa = PBXFileReference; lastKnownFileType = text.plist.xml; path = "GTaskMaster_iOS-Info.plist"; sourceTree = "<group>"; };
		654DA03915937C9C00CBE844 /* en */ = {isa = PBXFileReference; lastKnownFileType = text.plist.strings; name = en; path = en.lproj/InfoPlist.strings; sourceTree = "<group>"; };
		654DA03B15937C9C00CBE844 /* main.m */ = {isa = PBXFileReference; lastKnownFileType = sourcecode.c.objc; path = main.m; sourceTree = "<group>"; };
		654DA03D15937C9C00CBE844 /* GTaskMaster_iOS-Prefix.pch */ = {isa = PBXFileReference; lastKnownFileType = sourcecode.c.h; path = "GTaskMaster_iOS-Prefix.pch"; sourceTree = "<group>"; };
		654DA03E15937C9C00CBE844 /* AppDelegate.h */ = {isa = PBXFileReference; lastKnownFileType = sourcecode.c.h; path = AppDelegate.h; sourceTree = "<group>"; };
		654DA03F15937C9C00CBE844 /* AppDelegate.m */ = {isa = PBXFileReference; lastKnownFileType = sourcecode.c.objc; path = AppDelegate.m; sourceTree = "<group>"; };
		654DA04215937C9C00CBE844 /* en */ = {isa = PBXFileReference; lastKnownFileType = file.storyboard; name = en; path = en.lproj/MainStoryboard_iPhone.storyboard; sourceTree = "<group>"; };
		654DA04515937C9C00CBE844 /* en */ = {isa = PBXFileReference; lastKnownFileType = file.storyboard; name = en; path = en.lproj/MainStoryboard_iPad.storyboard; sourceTree = "<group>"; };
		654DA04A15937C9C00CBE844 /* MasterViewController.h */ = {isa = PBXFileReference; lastKnownFileType = sourcecode.c.h; path = MasterViewController.h; sourceTree = "<group>"; };
		654DA04B15937C9C00CBE844 /* MasterViewController.m */ = {isa = PBXFileReference; lastKnownFileType = sourcecode.c.objc; path = MasterViewController.m; sourceTree = "<group>"; };
		654DA04D15937C9C00CBE844 /* DetailViewController.h */ = {isa = PBXFileReference; lastKnownFileType = sourcecode.c.h; path = DetailViewController.h; sourceTree = "<group>"; };
		654DA04E15937C9C00CBE844 /* DetailViewController.m */ = {isa = PBXFileReference; lastKnownFileType = sourcecode.c.objc; path = DetailViewController.m; sourceTree = "<group>"; };
		654DA05515937C9C00CBE844 /* GTaskMaster_iOSTests.octest */ = {isa = PBXFileReference; explicitFileType = wrapper.cfbundle; includeInIndex = 0; path = GTaskMaster_iOSTests.octest; sourceTree = BUILT_PRODUCTS_DIR; };
		654DA05615937C9C00CBE844 /* SenTestingKit.framework */ = {isa = PBXFileReference; lastKnownFileType = wrapper.framework; name = SenTestingKit.framework; path = Library/Frameworks/SenTestingKit.framework; sourceTree = DEVELOPER_DIR; };
		654DA05F15937C9C00CBE844 /* GTaskMaster_iOSTests-Info.plist */ = {isa = PBXFileReference; lastKnownFileType = text.plist.xml; path = "GTaskMaster_iOSTests-Info.plist"; sourceTree = "<group>"; };
		654DA06115937C9C00CBE844 /* en */ = {isa = PBXFileReference; lastKnownFileType = text.plist.strings; name = en; path = en.lproj/InfoPlist.strings; sourceTree = "<group>"; };
		654DA06315937C9C00CBE844 /* GTaskMaster_iOSTests.h */ = {isa = PBXFileReference; lastKnownFileType = sourcecode.c.h; path = GTaskMaster_iOSTests.h; sourceTree = "<group>"; };
		654DA06415937C9C00CBE844 /* GTaskMaster_iOSTests.m */ = {isa = PBXFileReference; lastKnownFileType = sourcecode.c.objc; path = GTaskMaster_iOSTests.m; sourceTree = "<group>"; };
		655C3758159903190027403D /* Security.framework */ = {isa = PBXFileReference; lastKnownFileType = wrapper.framework; name = Security.framework; path = System/Library/Frameworks/Security.framework; sourceTree = SDKROOT; };
		655C375A1599031F0027403D /* SystemConfiguration.framework */ = {isa = PBXFileReference; lastKnownFileType = wrapper.framework; name = SystemConfiguration.framework; path = System/Library/Frameworks/SystemConfiguration.framework; sourceTree = SDKROOT; };
		65782C9615B603EE007632E1 /* GTaskMaster.xcdatamodel */ = {isa = PBXFileReference; lastKnownFileType = wrapper.xcdatamodel; path = GTaskMaster.xcdatamodel; sourceTree = "<group>"; };
		65782C9715B603EE007632E1 /* GTaskMasterManagedLink.h */ = {isa = PBXFileReference; fileEncoding = 4; lastKnownFileType = sourcecode.c.h; path = GTaskMasterManagedLink.h; sourceTree = "<group>"; };
		65782C9815B603EE007632E1 /* GTaskMasterManagedLink.m */ = {isa = PBXFileReference; fileEncoding = 4; lastKnownFileType = sourcecode.c.objc; path = GTaskMasterManagedLink.m; sourceTree = "<group>"; };
		65782C9915B603EE007632E1 /* GTaskMasterManagedTask.h */ = {isa = PBXFileReference; fileEncoding = 4; lastKnownFileType = sourcecode.c.h; path = GTaskMasterManagedTask.h; sourceTree = "<group>"; };
		65782C9A15B603EE007632E1 /* GTaskMasterManagedTask.m */ = {isa = PBXFileReference; fileEncoding = 4; lastKnownFileType = sourcecode.c.objc; path = GTaskMasterManagedTask.m; sourceTree = "<group>"; };
		65782C9B15B603EE007632E1 /* GTaskMasterManagedTaskList.h */ = {isa = PBXFileReference; fileEncoding = 4; lastKnownFileType = sourcecode.c.h; path = GTaskMasterManagedTaskList.h; sourceTree = "<group>"; };
		65782C9C15B603EE007632E1 /* GTaskMasterManagedTaskList.m */ = {isa = PBXFileReference; fileEncoding = 4; lastKnownFileType = sourcecode.c.objc; path = GTaskMasterManagedTaskList.m; sourceTree = "<group>"; };
		65782C9D15B603EE007632E1 /* GTaskMasterManagedObjects.h */ = {isa = PBXFileReference; fileEncoding = 4; lastKnownFileType = sourcecode.c.h; path = GTaskMasterManagedObjects.h; sourceTree = "<group>"; };
		65782C9E15B603EE007632E1 /* constants.h */ = {isa = PBXFileReference; fileEncoding = 4; lastKnownFileType = sourcecode.c.h; path = constants.h; sourceTree = "<group>"; };
		65782C9F15B603EE007632E1 /* GTSyncManager.h */ = {isa = PBXFileReference; fileEncoding = 4; lastKnownFileType = sourcecode.c.h; path = GTSyncManager.h; sourceTree = "<group>"; };
		65782CA015B603EE007632E1 /* GTSyncManager.m */ = {isa = PBXFileReference; fileEncoding = 4; lastKnownFileType = sourcecode.c.objc; path = GTSyncManager.m; sourceTree = "<group>"; };
		65782CA115B603EE007632E1 /* LocalTaskManager.h */ = {isa = PBXFileReference; fileEncoding = 4; lastKnownFileType = sourcecode.c.h; path = LocalTaskManager.h; sourceTree = "<group>"; };
		65782CA215B603EE007632E1 /* LocalTaskManager.m */ = {isa = PBXFileReference; fileEncoding = 4; lastKnownFileType = sourcecode.c.objc; path = LocalTaskManager.m; sourceTree = "<group>"; };
		65782CA915B603EE007632E1 /* GTaskMasterIcon.jpeg */ = {isa = PBXFileReference; lastKnownFileType = image.jpeg; path = GTaskMasterIcon.jpeg; sourceTree = "<group>"; };
		65782CAC15B603EE007632E1 /* GTLQueryTasks.h */ = {isa = PBXFileReference; fileEncoding = 4; lastKnownFileType = sourcecode.c.h; path = GTLQueryTasks.h; sourceTree = "<group>"; };
		65782CAD15B603EE007632E1 /* GTLQueryTasks.m */ = {isa = PBXFileReference; fileEncoding = 4; lastKnownFileType = sourcecode.c.objc; path = GTLQueryTasks.m; sourceTree = "<group>"; };
		65782CAE15B603EE007632E1 /* GTLServiceTasks.h */ = {isa = PBXFileReference; fileEncoding = 4; lastKnownFileType = sourcecode.c.h; path = GTLServiceTasks.h; sourceTree = "<group>"; };
		65782CAF15B603EE007632E1 /* GTLServiceTasks.m */ = {isa = PBXFileReference; fileEncoding = 4; lastKnownFileType = sourcecode.c.objc; path = GTLServiceTasks.m; sourceTree = "<group>"; };
		65782CB015B603EE007632E1 /* GTLTasks.h */ = {isa = PBXFileReference; fileEncoding = 4; lastKnownFileType = sourcecode.c.h; path = GTLTasks.h; sourceTree = "<group>"; };
		65782CB115B603EE007632E1 /* GTLTasksConstants.h */ = {isa = PBXFileReference; fileEncoding = 4; lastKnownFileType = sourcecode.c.h; path = GTLTasksConstants.h; sourceTree = "<group>"; };
		65782CB215B603EE007632E1 /* GTLTasksConstants.m */ = {isa = PBXFileReference; fileEncoding = 4; lastKnownFileType = sourcecode.c.objc; path = GTLTasksConstants.m; sourceTree = "<group>"; };
		65782CB315B603EE007632E1 /* GTLTasksTask.h */ = {isa = PBXFileReference; fileEncoding = 4; lastKnownFileType = sourcecode.c.h; path = GTLTasksTask.h; sourceTree = "<group>"; };
		65782CB415B603EE007632E1 /* GTLTasksTask.m */ = {isa = PBXFileReference; fileEncoding = 4; lastKnownFileType = sourcecode.c.objc; path = GTLTasksTask.m; sourceTree = "<group>"; };
		65782CB515B603EE007632E1 /* GTLTasksTaskList.h */ = {isa = PBXFileReference; fileEncoding = 4; lastKnownFileType = sourcecode.c.h; path = GTLTasksTaskList.h; sourceTree = "<group>"; };
		65782CB615B603EE007632E1 /* GTLTasksTaskList.m */ = {isa = PBXFileReference; fileEncoding = 4; lastKnownFileType = sourcecode.c.objc; path = GTLTasksTaskList.m; sourceTree = "<group>"; };
		65782CB715B603EE007632E1 /* GTLTasksTaskLists.h */ = {isa = PBXFileReference; fileEncoding = 4; lastKnownFileType = sourcecode.c.h; path = GTLTasksTaskLists.h; sourceTree = "<group>"; };
		65782CB815B603EE007632E1 /* GTLTasksTaskLists.m */ = {isa = PBXFileReference; fileEncoding = 4; lastKnownFileType = sourcecode.c.objc; path = GTLTasksTaskLists.m; sourceTree = "<group>"; };
		65782CB915B603EE007632E1 /* GTLTasksTasks.h */ = {isa = PBXFileReference; fileEncoding = 4; lastKnownFileType = sourcecode.c.h; path = GTLTasksTasks.h; sourceTree = "<group>"; };
		65782CBA15B603EE007632E1 /* GTLTasksTasks.m */ = {isa = PBXFileReference; fileEncoding = 4; lastKnownFileType = sourcecode.c.objc; path = GTLTasksTasks.m; sourceTree = "<group>"; };
/* End PBXFileReference section */

/* Begin PBXFrameworksBuildPhase section */
		654DA02615937C9C00CBE844 /* Frameworks */ = {
			isa = PBXFrameworksBuildPhase;
			buildActionMask = 2147483647;
			files = (
				655C375B1599031F0027403D /* SystemConfiguration.framework in Frameworks */,
				655C3759159903190027403D /* Security.framework in Frameworks */,
				654DA02E15937C9C00CBE844 /* UIKit.framework in Frameworks */,
				654DA03015937C9C00CBE844 /* Foundation.framework in Frameworks */,
				654DA03215937C9C00CBE844 /* CoreGraphics.framework in Frameworks */,
				654DA03415937C9C00CBE844 /* CoreData.framework in Frameworks */,
				652AC11A15B6158900F99147 /* libGTLTouchStaticLib.a in Frameworks */,
			);
			runOnlyForDeploymentPostprocessing = 0;
		};
		654DA05115937C9C00CBE844 /* Frameworks */ = {
			isa = PBXFrameworksBuildPhase;
			buildActionMask = 2147483647;
			files = (
				654DA05715937C9C00CBE844 /* SenTestingKit.framework in Frameworks */,
				654DA05815937C9C00CBE844 /* UIKit.framework in Frameworks */,
				654DA05915937C9C00CBE844 /* Foundation.framework in Frameworks */,
				654DA05A15937C9C00CBE844 /* CoreData.framework in Frameworks */,
			);
			runOnlyForDeploymentPostprocessing = 0;
		};
/* End PBXFrameworksBuildPhase section */

/* Begin PBXGroup section */
		652AC0FC15B6158900F99147 /* GTLTouchStaticLib */ = {
			isa = PBXGroup;
			children = (
				6517110915B62B3200FBF5BC /* GTMOAuth2ViewTouch.xib */,
				652AC0FD15B6158900F99147 /* Headers */,
				652AC11915B6158900F99147 /* libGTLTouchStaticLib.a */,
			);
			path = GTLTouchStaticLib;
			sourceTree = "<group>";
		};
		652AC0FD15B6158900F99147 /* Headers */ = {
			isa = PBXGroup;
			children = (
				652AC0FE15B6158900F99147 /* GTLBase64.h */,
				652AC0FF15B6158900F99147 /* GTLBatchQuery.h */,
				652AC10015B6158900F99147 /* GTLBatchResult.h */,
				652AC10115B6158900F99147 /* GTLDateTime.h */,
				652AC10215B6158900F99147 /* GTLDefines.h */,
				652AC10315B6158900F99147 /* GTLErrorObject.h */,
				652AC10415B6158900F99147 /* GTLFramework.h */,
				652AC10515B6158900F99147 /* GTLJSONParser.h */,
				652AC10615B6158900F99147 /* GTLObject.h */,
				652AC10715B6158900F99147 /* GTLQuery.h */,
				652AC10815B6158900F99147 /* GTLRuntimeCommon.h */,
				652AC10915B6158900F99147 /* GTLService.h */,
				652AC10A15B6158900F99147 /* GTLTargetNamespace.h */,
				652AC10B15B6158900F99147 /* GTLUploadParameters.h */,
				652AC10C15B6158900F99147 /* GTLUtilities.h */,
				652AC10D15B6158900F99147 /* GTMGatherInputStream.h */,
				652AC10E15B6158900F99147 /* GTMHTTPFetcher.h */,
				652AC10F15B6158900F99147 /* GTMHTTPFetcherLogging.h */,
				652AC11015B6158900F99147 /* GTMHTTPFetcherService.h */,
				652AC11115B6158900F99147 /* GTMHTTPFetchHistory.h */,
				652AC11215B6158900F99147 /* GTMHTTPUploadFetcher.h */,
				652AC11315B6158900F99147 /* GTMMIMEDocument.h */,
				652AC11415B6158900F99147 /* GTMOAuth2Authentication.h */,
				652AC11515B6158900F99147 /* GTMOAuth2SignIn.h */,
				652AC11615B6158900F99147 /* GTMOAuth2ViewControllerTouch.h */,
				652AC11715B6158900F99147 /* GTMOAuth2WindowController.h */,
				652AC11815B6158900F99147 /* GTMReadMonitorInputStream.h */,
			);
			path = Headers;
			sourceTree = "<group>";
		};
		654DA01E15937C9B00CBE844 = {
			isa = PBXGroup;
			children = (
				65782C9315B603EE007632E1 /* GTaskMaster_shared */,
				654DA03515937C9C00CBE844 /* GTaskMaster_iOS */,
				654DA05D15937C9C00CBE844 /* GTaskMaster_iOSTests */,
				654DA02C15937C9C00CBE844 /* Frameworks */,
				654DA02A15937C9C00CBE844 /* Products */,
			);
			sourceTree = "<group>";
		};
		654DA02A15937C9C00CBE844 /* Products */ = {
			isa = PBXGroup;
			children = (
				654DA02915937C9C00CBE844 /* GTaskMaster_iOS.app */,
				654DA05515937C9C00CBE844 /* GTaskMaster_iOSTests.octest */,
			);
			name = Products;
			sourceTree = "<group>";
		};
		654DA02C15937C9C00CBE844 /* Frameworks */ = {
			isa = PBXGroup;
			children = (
				655C375A1599031F0027403D /* SystemConfiguration.framework */,
				655C3758159903190027403D /* Security.framework */,
				654DA02D15937C9C00CBE844 /* UIKit.framework */,
				654DA02F15937C9C00CBE844 /* Foundation.framework */,
				654DA03115937C9C00CBE844 /* CoreGraphics.framework */,
				654DA03315937C9C00CBE844 /* CoreData.framework */,
				654DA05615937C9C00CBE844 /* SenTestingKit.framework */,
			);
			name = Frameworks;
			sourceTree = "<group>";
		};
		654DA03515937C9C00CBE844 /* GTaskMaster_iOS */ = {
			isa = PBXGroup;
			children = (
				654DA03E15937C9C00CBE844 /* AppDelegate.h */,
				654DA03F15937C9C00CBE844 /* AppDelegate.m */,
				654DA04115937C9C00CBE844 /* MainStoryboard_iPhone.storyboard */,
				654DA04415937C9C00CBE844 /* MainStoryboard_iPad.storyboard */,
				654DA04A15937C9C00CBE844 /* MasterViewController.h */,
				654DA04B15937C9C00CBE844 /* MasterViewController.m */,
				654DA04D15937C9C00CBE844 /* DetailViewController.h */,
				654DA04E15937C9C00CBE844 /* DetailViewController.m */,
				652AC0FC15B6158900F99147 /* GTLTouchStaticLib */,
				654DA03615937C9C00CBE844 /* Supporting Files */,
			);
			path = GTaskMaster_iOS;
			sourceTree = "<group>";
		};
		654DA03615937C9C00CBE844 /* Supporting Files */ = {
			isa = PBXGroup;
			children = (
				654DA03715937C9C00CBE844 /* GTaskMaster_iOS-Info.plist */,
				654DA03815937C9C00CBE844 /* InfoPlist.strings */,
				654DA03B15937C9C00CBE844 /* main.m */,
				654DA03D15937C9C00CBE844 /* GTaskMaster_iOS-Prefix.pch */,
			);
			name = "Supporting Files";
			sourceTree = "<group>";
		};
		654DA05D15937C9C00CBE844 /* GTaskMaster_iOSTests */ = {
			isa = PBXGroup;
			children = (
				654DA06315937C9C00CBE844 /* GTaskMaster_iOSTests.h */,
				654DA06415937C9C00CBE844 /* GTaskMaster_iOSTests.m */,
				654DA05E15937C9C00CBE844 /* Supporting Files */,
			);
			path = GTaskMaster_iOSTests;
			sourceTree = "<group>";
		};
		654DA05E15937C9C00CBE844 /* Supporting Files */ = {
			isa = PBXGroup;
			children = (
				654DA05F15937C9C00CBE844 /* GTaskMaster_iOSTests-Info.plist */,
				654DA06015937C9C00CBE844 /* InfoPlist.strings */,
			);
			name = "Supporting Files";
			sourceTree = "<group>";
		};
		65782C9315B603EE007632E1 /* GTaskMaster_shared */ = {
			isa = PBXGroup;
			children = (
				65782C9415B603EE007632E1 /* CoreData */,
				65782C9E15B603EE007632E1 /* constants.h */,
				65782C9F15B603EE007632E1 /* GTSyncManager.h */,
				65782CA015B603EE007632E1 /* GTSyncManager.m */,
				65782CA115B603EE007632E1 /* LocalTaskManager.h */,
				65782CA215B603EE007632E1 /* LocalTaskManager.m */,
				65782CA815B603EE007632E1 /* Resources */,
				65782CAA15B603EE007632E1 /* Tasks */,
			);
			name = GTaskMaster_shared;
			path = ../GTaskMaster_shared;
			sourceTree = "<group>";
		};
		65782C9415B603EE007632E1 /* CoreData */ = {
			isa = PBXGroup;
			children = (
				65782C9515B603EE007632E1 /* GTaskMaster.xcdatamodeld */,
				65782C9715B603EE007632E1 /* GTaskMasterManagedLink.h */,
				65782C9815B603EE007632E1 /* GTaskMasterManagedLink.m */,
				65782C9915B603EE007632E1 /* GTaskMasterManagedTask.h */,
				65782C9A15B603EE007632E1 /* GTaskMasterManagedTask.m */,
				65782C9B15B603EE007632E1 /* GTaskMasterManagedTaskList.h */,
				65782C9C15B603EE007632E1 /* GTaskMasterManagedTaskList.m */,
				65782C9D15B603EE007632E1 /* GTaskMasterManagedObjects.h */,
			);
			path = CoreData;
			sourceTree = "<group>";
		};
		65782CA815B603EE007632E1 /* Resources */ = {
			isa = PBXGroup;
			children = (
				65782CA915B603EE007632E1 /* GTaskMasterIcon.jpeg */,
			);
			path = Resources;
			sourceTree = "<group>";
		};
		65782CAA15B603EE007632E1 /* Tasks */ = {
			isa = PBXGroup;
			children = (
				65782CAB15B603EE007632E1 /* Generated */,
			);
			path = Tasks;
			sourceTree = "<group>";
		};
		65782CAB15B603EE007632E1 /* Generated */ = {
			isa = PBXGroup;
			children = (
				65782CAC15B603EE007632E1 /* GTLQueryTasks.h */,
				65782CAD15B603EE007632E1 /* GTLQueryTasks.m */,
				65782CAE15B603EE007632E1 /* GTLServiceTasks.h */,
				65782CAF15B603EE007632E1 /* GTLServiceTasks.m */,
				65782CB015B603EE007632E1 /* GTLTasks.h */,
				65782CB115B603EE007632E1 /* GTLTasksConstants.h */,
				65782CB215B603EE007632E1 /* GTLTasksConstants.m */,
				65782CB315B603EE007632E1 /* GTLTasksTask.h */,
				65782CB415B603EE007632E1 /* GTLTasksTask.m */,
				65782CB515B603EE007632E1 /* GTLTasksTaskList.h */,
				65782CB615B603EE007632E1 /* GTLTasksTaskList.m */,
				65782CB715B603EE007632E1 /* GTLTasksTaskLists.h */,
				65782CB815B603EE007632E1 /* GTLTasksTaskLists.m */,
				65782CB915B603EE007632E1 /* GTLTasksTasks.h */,
				65782CBA15B603EE007632E1 /* GTLTasksTasks.m */,
			);
			path = Generated;
			sourceTree = "<group>";
		};
/* End PBXGroup section */

/* Begin PBXNativeTarget section */
		654DA02815937C9C00CBE844 /* GTaskMaster_iOS */ = {
			isa = PBXNativeTarget;
			buildConfigurationList = 654DA06815937C9C00CBE844 /* Build configuration list for PBXNativeTarget "GTaskMaster_iOS" */;
			buildPhases = (
				654DA02515937C9C00CBE844 /* Sources */,
				654DA02615937C9C00CBE844 /* Frameworks */,
				654DA02715937C9C00CBE844 /* Resources */,
			);
			buildRules = (
			);
			dependencies = (
			);
			name = GTaskMaster_iOS;
			productName = GTaskMaster_iOS;
			productReference = 654DA02915937C9C00CBE844 /* GTaskMaster_iOS.app */;
			productType = "com.apple.product-type.application";
		};
		654DA05415937C9C00CBE844 /* GTaskMaster_iOSTests */ = {
			isa = PBXNativeTarget;
			buildConfigurationList = 654DA06B15937C9C00CBE844 /* Build configuration list for PBXNativeTarget "GTaskMaster_iOSTests" */;
			buildPhases = (
				654DA05015937C9C00CBE844 /* Sources */,
				654DA05115937C9C00CBE844 /* Frameworks */,
				654DA05215937C9C00CBE844 /* Resources */,
				654DA05315937C9C00CBE844 /* ShellScript */,
			);
			buildRules = (
			);
			dependencies = (
				654DA05C15937C9C00CBE844 /* PBXTargetDependency */,
			);
			name = GTaskMaster_iOSTests;
			productName = GTaskMaster_iOSTests;
			productReference = 654DA05515937C9C00CBE844 /* GTaskMaster_iOSTests.octest */;
			productType = "com.apple.product-type.bundle";
		};
/* End PBXNativeTarget section */

/* Begin PBXProject section */
		654DA02015937C9B00CBE844 /* Project object */ = {
			isa = PBXProject;
			attributes = {
				LastUpgradeCheck = 0450;
				ORGANIZATIONNAME = "Kurt Hardin";
			};
			buildConfigurationList = 654DA02315937C9B00CBE844 /* Build configuration list for PBXProject "GTaskMaster_iOS" */;
			compatibilityVersion = "Xcode 3.2";
			developmentRegion = English;
			hasScannedForEncodings = 0;
			knownRegions = (
				en,
			);
			mainGroup = 654DA01E15937C9B00CBE844;
			productRefGroup = 654DA02A15937C9C00CBE844 /* Products */;
			projectDirPath = "";
			projectRoot = "";
			targets = (
				654DA02815937C9C00CBE844 /* GTaskMaster_iOS */,
				654DA05415937C9C00CBE844 /* GTaskMaster_iOSTests */,
			);
		};
/* End PBXProject section */

/* Begin PBXResourcesBuildPhase section */
		654DA02715937C9C00CBE844 /* Resources */ = {
			isa = PBXResourcesBuildPhase;
			buildActionMask = 2147483647;
			files = (
				654DA03A15937C9C00CBE844 /* InfoPlist.strings in Resources */,
				654DA04315937C9C00CBE844 /* MainStoryboard_iPhone.storyboard in Resources */,
				654DA04615937C9C00CBE844 /* MainStoryboard_iPad.storyboard in Resources */,
				65782CC415B603EE007632E1 /* GTaskMasterIcon.jpeg in Resources */,
				6517110A15B62B3200FBF5BC /* GTMOAuth2ViewTouch.xib in Resources */,
			);
			runOnlyForDeploymentPostprocessing = 0;
		};
		654DA05215937C9C00CBE844 /* Resources */ = {
			isa = PBXResourcesBuildPhase;
			buildActionMask = 2147483647;
			files = (
				654DA06215937C9C00CBE844 /* InfoPlist.strings in Resources */,
			);
			runOnlyForDeploymentPostprocessing = 0;
		};
/* End PBXResourcesBuildPhase section */

/* Begin PBXShellScriptBuildPhase section */
		654DA05315937C9C00CBE844 /* ShellScript */ = {
			isa = PBXShellScriptBuildPhase;
			buildActionMask = 2147483647;
			files = (
			);
			inputPaths = (
			);
			outputPaths = (
			);
			runOnlyForDeploymentPostprocessing = 0;
			shellPath = /bin/sh;
			shellScript = "# Run the unit tests in this test bundle.\n\"${SYSTEM_DEVELOPER_DIR}/Tools/RunUnitTests\"\n";
		};
/* End PBXShellScriptBuildPhase section */

/* Begin PBXSourcesBuildPhase section */
		654DA02515937C9C00CBE844 /* Sources */ = {
			isa = PBXSourcesBuildPhase;
			buildActionMask = 2147483647;
			files = (
				654DA03C15937C9C00CBE844 /* main.m in Sources */,
				654DA04015937C9C00CBE844 /* AppDelegate.m in Sources */,
				654DA04C15937C9C00CBE844 /* MasterViewController.m in Sources */,
				654DA04F15937C9C00CBE844 /* DetailViewController.m in Sources */,
				65782CBB15B603EE007632E1 /* GTaskMaster.xcdatamodeld in Sources */,
				65782CBC15B603EE007632E1 /* GTaskMasterManagedLink.m in Sources */,
				65782CBD15B603EE007632E1 /* GTaskMasterManagedTask.m in Sources */,
				65782CBE15B603EE007632E1 /* GTaskMasterManagedTaskList.m in Sources */,
				65782CBF15B603EE007632E1 /* GTSyncManager.m in Sources */,
				65782CC015B603EE007632E1 /* LocalTaskManager.m in Sources */,
				65782CC515B603EE007632E1 /* GTLQueryTasks.m in Sources */,
				65782CC615B603EE007632E1 /* GTLServiceTasks.m in Sources */,
				65782CC715B603EE007632E1 /* GTLTasksConstants.m in Sources */,
				65782CC815B603EE007632E1 /* GTLTasksTask.m in Sources */,
				65782CC915B603EE007632E1 /* GTLTasksTaskList.m in Sources */,
				65782CCA15B603EE007632E1 /* GTLTasksTaskLists.m in Sources */,
				65782CCB15B603EE007632E1 /* GTLTasksTasks.m in Sources */,
			);
			runOnlyForDeploymentPostprocessing = 0;
		};
		654DA05015937C9C00CBE844 /* Sources */ = {
			isa = PBXSourcesBuildPhase;
			buildActionMask = 2147483647;
			files = (
				654DA06515937C9C00CBE844 /* GTaskMaster_iOSTests.m in Sources */,
			);
			runOnlyForDeploymentPostprocessing = 0;
		};
/* End PBXSourcesBuildPhase section */

/* Begin PBXTargetDependency section */
		654DA05C15937C9C00CBE844 /* PBXTargetDependency */ = {
			isa = PBXTargetDependency;
			target = 654DA02815937C9C00CBE844 /* GTaskMaster_iOS */;
			targetProxy = 654DA05B15937C9C00CBE844 /* PBXContainerItemProxy */;
		};
/* End PBXTargetDependency section */

/* Begin PBXVariantGroup section */
		654DA03815937C9C00CBE844 /* InfoPlist.strings */ = {
			isa = PBXVariantGroup;
			children = (
				654DA03915937C9C00CBE844 /* en */,
			);
			name = InfoPlist.strings;
			sourceTree = "<group>";
		};
		654DA04115937C9C00CBE844 /* MainStoryboard_iPhone.storyboard */ = {
			isa = PBXVariantGroup;
			children = (
				654DA04215937C9C00CBE844 /* en */,
			);
			name = MainStoryboard_iPhone.storyboard;
			sourceTree = "<group>";
		};
		654DA04415937C9C00CBE844 /* MainStoryboard_iPad.storyboard */ = {
			isa = PBXVariantGroup;
			children = (
				654DA04515937C9C00CBE844 /* en */,
			);
			name = MainStoryboard_iPad.storyboard;
			sourceTree = "<group>";
		};
		654DA06015937C9C00CBE844 /* InfoPlist.strings */ = {
			isa = PBXVariantGroup;
			children = (
				654DA06115937C9C00CBE844 /* en */,
			);
			name = InfoPlist.strings;
			sourceTree = "<group>";
		};
/* End PBXVariantGroup section */

/* Begin XCBuildConfiguration section */
		654DA06615937C9C00CBE844 /* Debug */ = {
			isa = XCBuildConfiguration;
			buildSettings = {
				ALWAYS_SEARCH_USER_PATHS = NO;
				CLANG_CXX_LANGUAGE_STANDARD = "gnu++0x";
				CLANG_ENABLE_OBJC_ARC = YES;
				CLANG_WARN__DUPLICATE_METHOD_MATCH = YES;
				CODE_SIGN_IDENTITY = "iPhone Developer";
				"CODE_SIGN_IDENTITY[sdk=iphoneos*]" = "iPhone Developer";
				COPY_PHASE_STRIP = NO;
				GCC_C_LANGUAGE_STANDARD = gnu99;
				GCC_DYNAMIC_NO_PIC = NO;
				GCC_OPTIMIZATION_LEVEL = 0;
				GCC_PREPROCESSOR_DEFINITIONS = (
					"DEBUG=1",
					"$(inherited)",
				);
				GCC_SYMBOLS_PRIVATE_EXTERN = NO;
				GCC_WARN_ABOUT_RETURN_TYPE = YES;
				GCC_WARN_UNINITIALIZED_AUTOS = YES;
				GCC_WARN_UNUSED_VARIABLE = YES;
				IPHONEOS_DEPLOYMENT_TARGET = 6.0;
				OTHER_CFLAGS = "-DDEBUG";
				OTHER_LDFLAGS = (
					"-all_load",
					"-ObjC",
				);
				PROVISIONING_PROFILE = "";
				SDKROOT = iphoneos;
				TARGETED_DEVICE_FAMILY = "1,2";
			};
			name = Debug;
		};
		654DA06715937C9C00CBE844 /* Release */ = {
			isa = XCBuildConfiguration;
			buildSettings = {
				ALWAYS_SEARCH_USER_PATHS = NO;
				CLANG_CXX_LANGUAGE_STANDARD = "gnu++0x";
				CLANG_ENABLE_OBJC_ARC = YES;
				CLANG_WARN__DUPLICATE_METHOD_MATCH = YES;
				CODE_SIGN_IDENTITY = "iPhone Developer";
				"CODE_SIGN_IDENTITY[sdk=iphoneos*]" = "iPhone Developer";
				COPY_PHASE_STRIP = YES;
				GCC_C_LANGUAGE_STANDARD = gnu99;
				GCC_WARN_ABOUT_RETURN_TYPE = YES;
				GCC_WARN_UNINITIALIZED_AUTOS = YES;
				GCC_WARN_UNUSED_VARIABLE = YES;
				IPHONEOS_DEPLOYMENT_TARGET = 6.0;
				OTHER_CFLAGS = "-DNS_BLOCK_ASSERTIONS=1";
				OTHER_LDFLAGS = (
					"-all_load",
					"-ObjC",
				);
				PROVISIONING_PROFILE = "";
				SDKROOT = iphoneos;
				TARGETED_DEVICE_FAMILY = "1,2";
				VALIDATE_PRODUCT = YES;
			};
			name = Release;
		};
		654DA06915937C9C00CBE844 /* Debug */ = {
			isa = XCBuildConfiguration;
			buildSettings = {
				GCC_PRECOMPILE_PREFIX_HEADER = YES;
				GCC_PREFIX_HEADER = "GTaskMaster_iOS/GTaskMaster_iOS-Prefix.pch";
				INFOPLIST_FILE = "GTaskMaster_iOS/GTaskMaster_iOS-Info.plist";
				IPHONEOS_DEPLOYMENT_TARGET = 5.0;
				LIBRARY_SEARCH_PATHS = (
					"$(inherited)",
					"\"$(SRCROOT)/../../../../../Library/Developer/Xcode/DerivedData/GTL-bwknhtmhfpfjckgklaaxclljtxkf/Build/Products/Debug-iphoneos\"",
					"\"$(SRCROOT)\"",
					"\"$(SRCROOT)/../../../../../Library/Developer/Xcode/DerivedData/GTL-btlbgrqhutxknpdxfmqpuejjaqjr/Build/Products/Debug-iphoneos\"",
					"\"$(SRCROOT)/GTaskMaster_iOS\"",
					"\"$(SRCROOT)/../../../../../Library/Developer/Xcode/DerivedData/GTL-btlbgrqhutxknpdxfmqpuejjaqjr/Build/Products/Debug-iphonesimulator\"",
					"\"$(SRCROOT)/GTaskMaster_iOS/GTLTouchStaticLib\"",
				);
				OTHER_LDFLAGS = (
					"-all_load",
					"-ObjC",
				);
				PRODUCT_NAME = "$(TARGET_NAME)";
				WRAPPER_EXTENSION = app;
			};
			name = Debug;
		};
		654DA06A15937C9C00CBE844 /* Release */ = {
			isa = XCBuildConfiguration;
			buildSettings = {
				GCC_PRECOMPILE_PREFIX_HEADER = YES;
				GCC_PREFIX_HEADER = "GTaskMaster_iOS/GTaskMaster_iOS-Prefix.pch";
				INFOPLIST_FILE = "GTaskMaster_iOS/GTaskMaster_iOS-Info.plist";
				IPHONEOS_DEPLOYMENT_TARGET = 5.0;
				LIBRARY_SEARCH_PATHS = (
					"$(inherited)",
					"\"$(SRCROOT)/../../../../../Library/Developer/Xcode/DerivedData/GTL-bwknhtmhfpfjckgklaaxclljtxkf/Build/Products/Debug-iphoneos\"",
					"\"$(SRCROOT)\"",
					"\"$(SRCROOT)/../../../../../Library/Developer/Xcode/DerivedData/GTL-btlbgrqhutxknpdxfmqpuejjaqjr/Build/Products/Debug-iphoneos\"",
					"\"$(SRCROOT)/GTaskMaster_iOS\"",
					"\"$(SRCROOT)/../../../../../Library/Developer/Xcode/DerivedData/GTL-btlbgrqhutxknpdxfmqpuejjaqjr/Build/Products/Debug-iphonesimulator\"",
					"\"$(SRCROOT)/GTaskMaster_iOS/GTLTouchStaticLib\"",
				);
				OTHER_LDFLAGS = (
					"-all_load",
					"-ObjC",
				);
				PRODUCT_NAME = "$(TARGET_NAME)";
				WRAPPER_EXTENSION = app;
			};
			name = Release;
		};
		654DA06C15937C9C00CBE844 /* Debug */ = {
			isa = XCBuildConfiguration;
			buildSettings = {
				BUNDLE_LOADER = "$(BUILT_PRODUCTS_DIR)/GTaskMaster_iOS.app/GTaskMaster_iOS";
				FRAMEWORK_SEARCH_PATHS = (
					"\"$(SDKROOT)/Developer/Library/Frameworks\"",
					"\"$(DEVELOPER_LIBRARY_DIR)/Frameworks\"",
				);
				GCC_PRECOMPILE_PREFIX_HEADER = YES;
				GCC_PREFIX_HEADER = "GTaskMaster_iOS/GTaskMaster_iOS-Prefix.pch";
				INFOPLIST_FILE = "GTaskMaster_iOSTests/GTaskMaster_iOSTests-Info.plist";
				IPHONEOS_DEPLOYMENT_TARGET = 5.0;
				PRODUCT_NAME = "$(TARGET_NAME)";
				TEST_HOST = "$(BUNDLE_LOADER)";
				WRAPPER_EXTENSION = octest;
			};
			name = Debug;
		};
		654DA06D15937C9C00CBE844 /* Release */ = {
			isa = XCBuildConfiguration;
			buildSettings = {
				BUNDLE_LOADER = "$(BUILT_PRODUCTS_DIR)/GTaskMaster_iOS.app/GTaskMaster_iOS";
				FRAMEWORK_SEARCH_PATHS = (
					"\"$(SDKROOT)/Developer/Library/Frameworks\"",
					"\"$(DEVELOPER_LIBRARY_DIR)/Frameworks\"",
				);
				GCC_PRECOMPILE_PREFIX_HEADER = YES;
				GCC_PREFIX_HEADER = "GTaskMaster_iOS/GTaskMaster_iOS-Prefix.pch";
				INFOPLIST_FILE = "GTaskMaster_iOSTests/GTaskMaster_iOSTests-Info.plist";
				IPHONEOS_DEPLOYMENT_TARGET = 5.0;
				PRODUCT_NAME = "$(TARGET_NAME)";
				TEST_HOST = "$(BUNDLE_LOADER)";
				WRAPPER_EXTENSION = octest;
			};
			name = Release;
		};
/* End XCBuildConfiguration section */

/* Begin XCConfigurationList section */
		654DA02315937C9B00CBE844 /* Build configuration list for PBXProject "GTaskMaster_iOS" */ = {
			isa = XCConfigurationList;
			buildConfigurations = (
				654DA06615937C9C00CBE844 /* Debug */,
				654DA06715937C9C00CBE844 /* Release */,
			);
			defaultConfigurationIsVisible = 0;
			defaultConfigurationName = Release;
		};
		654DA06815937C9C00CBE844 /* Build configuration list for PBXNativeTarget "GTaskMaster_iOS" */ = {
			isa = XCConfigurationList;
			buildConfigurations = (
				654DA06915937C9C00CBE844 /* Debug */,
				654DA06A15937C9C00CBE844 /* Release */,
			);
			defaultConfigurationIsVisible = 0;
			defaultConfigurationName = Release;
		};
		654DA06B15937C9C00CBE844 /* Build configuration list for PBXNativeTarget "GTaskMaster_iOSTests" */ = {
			isa = XCConfigurationList;
			buildConfigurations = (
				654DA06C15937C9C00CBE844 /* Debug */,
				654DA06D15937C9C00CBE844 /* Release */,
			);
			defaultConfigurationIsVisible = 0;
			defaultConfigurationName = Release;
		};
/* End XCConfigurationList section */

/* Begin XCVersionGroup section */
		65782C9515B603EE007632E1 /* GTaskMaster.xcdatamodeld */ = {
			isa = XCVersionGroup;
			children = (
				65782C9615B603EE007632E1 /* GTaskMaster.xcdatamodel */,
			);
			currentVersion = 65782C9615B603EE007632E1 /* GTaskMaster.xcdatamodel */;
			path = GTaskMaster.xcdatamodeld;
			sourceTree = "<group>";
			versionGroupType = wrapper.xcdatamodel;
		};
/* End XCVersionGroup section */
	};
	rootObject = 654DA02015937C9B00CBE844 /* Project object */;
}
